<?xml version="1.0" encoding="UTF-8"?>
<!DOCTYPE plist PUBLIC "-//Apple//DTD PLIST 1.0//EN" "http://www.apple.com/DTDs/PropertyList-1.0.dtd">
<plist version="1.0">
<dict>
	<key>archiveVersion</key>
	<string>1</string>
	<key>classes</key>
	<dict/>
	<key>objectVersion</key>
	<string>46</string>
	<key>objects</key>
	<dict>
		<key>06044D1F7CCD591D5AFF8705</key>
		<dict>
			<key>includeInIndex</key>
			<string>1</string>
			<key>isa</key>
			<string>PBXFileReference</string>
			<key>lastKnownFileType</key>
			<string>text.xcconfig</string>
			<key>name</key>
			<string>Pods.debug.xcconfig</string>
			<key>path</key>
			<string>Pods/Target Support Files/Pods/Pods.debug.xcconfig</string>
			<key>sourceTree</key>
			<string>&lt;group&gt;</string>
		</dict>
		<key>0BCCCEC3B354AECDCA43D1DF</key>
		<dict>
			<key>buildActionMask</key>
			<string>2147483647</string>
			<key>files</key>
			<array/>
			<key>inputPaths</key>
			<array/>
			<key>isa</key>
			<string>PBXShellScriptBuildPhase</string>
			<key>name</key>
			<string>Copy Pods Resources</string>
			<key>outputPaths</key>
			<array/>
			<key>runOnlyForDeploymentPostprocessing</key>
			<string>0</string>
			<key>shellPath</key>
			<string>/bin/sh</string>
			<key>shellScript</key>
			<string>"${SRCROOT}/Pods/Target Support Files/Pods/Pods-resources.sh"
</string>
			<key>showEnvVarsInLog</key>
			<string>0</string>
		</dict>
		<key>276D2458E7248E1012CCB0A6</key>
		<dict>
			<key>includeInIndex</key>
			<string>1</string>
			<key>isa</key>
			<string>PBXFileReference</string>
			<key>lastKnownFileType</key>
			<string>text.xcconfig</string>
			<key>name</key>
			<string>Pods.release.xcconfig</string>
			<key>path</key>
			<string>Pods/Target Support Files/Pods/Pods.release.xcconfig</string>
			<key>sourceTree</key>
			<string>&lt;group&gt;</string>
		</dict>
		<key>3FE925E471D31417F137C051</key>
		<dict>
			<key>explicitFileType</key>
			<string>wrapper.framework</string>
			<key>includeInIndex</key>
			<string>0</string>
			<key>isa</key>
			<string>PBXFileReference</string>
			<key>path</key>
			<string>Pods.framework</string>
			<key>sourceTree</key>
			<string>BUILT_PRODUCTS_DIR</string>
		</dict>
		<key>4252E2951CB0836900F0319A</key>
		<dict>
			<key>children</key>
			<array>
				<string>AEDA05D21CB5CCEB006449F7</string>
				<string>868DD2011CB0B9D700F45B61</string>
				<string>4252E2A01CB0836900F0319A</string>
				<string>4252E2B71CB0836900F0319A</string>
				<string>4252E2C21CB0836900F0319A</string>
				<string>4252E29F1CB0836900F0319A</string>
				<string>F82F09C8B6CA349AF944CBBD</string>
				<string>85DCF4834655294B74ECE6E1</string>
			</array>
			<key>isa</key>
			<string>PBXGroup</string>
			<key>sourceTree</key>
			<string>&lt;group&gt;</string>
		</dict>
		<key>4252E2961CB0836900F0319A</key>
		<dict>
			<key>attributes</key>
			<dict>
				<key>LastSwiftUpdateCheck</key>
				<string>0730</string>
				<key>LastUpgradeCheck</key>
				<string>0730</string>
				<key>ORGANIZATIONNAME</key>
				<string>treatcard</string>
				<key>TargetAttributes</key>
				<dict>
					<key>4252E29D1CB0836900F0319A</key>
					<dict>
						<key>CreatedOnToolsVersion</key>
						<string>7.3</string>
						<key>DevelopmentTeam</key>
						<string>36XAQN7E5N</string>
					</dict>
					<key>4252E2B31CB0836900F0319A</key>
					<dict>
						<key>CreatedOnToolsVersion</key>
						<string>7.3</string>
						<key>DevelopmentTeam</key>
						<string>J6Z42669R6</string>
						<key>TestTargetID</key>
						<string>4252E29D1CB0836900F0319A</string>
					</dict>
					<key>4252E2BE1CB0836900F0319A</key>
					<dict>
						<key>CreatedOnToolsVersion</key>
						<string>7.3</string>
						<key>DevelopmentTeam</key>
						<string>J6Z42669R6</string>
						<key>TestTargetID</key>
						<string>4252E29D1CB0836900F0319A</string>
					</dict>
				</dict>
			</dict>
			<key>buildConfigurationList</key>
			<string>4252E2991CB0836900F0319A</string>
			<key>compatibilityVersion</key>
			<string>Xcode 3.2</string>
			<key>developmentRegion</key>
			<string>English</string>
			<key>hasScannedForEncodings</key>
			<string>0</string>
			<key>isa</key>
			<string>PBXProject</string>
			<key>knownRegions</key>
			<array>
				<string>en</string>
				<string>Base</string>
			</array>
			<key>mainGroup</key>
			<string>4252E2951CB0836900F0319A</string>
			<key>productRefGroup</key>
			<string>4252E29F1CB0836900F0319A</string>
			<key>projectDirPath</key>
			<string></string>
			<key>projectReferences</key>
			<array/>
			<key>projectRoot</key>
			<string></string>
			<key>targets</key>
			<array>
				<string>4252E29D1CB0836900F0319A</string>
				<string>4252E2B31CB0836900F0319A</string>
				<string>4252E2BE1CB0836900F0319A</string>
			</array>
		</dict>
		<key>4252E2991CB0836900F0319A</key>
		<dict>
			<key>buildConfigurations</key>
			<array>
				<string>4252E2C61CB0836900F0319A</string>
				<string>4252E2C71CB0836900F0319A</string>
			</array>
			<key>defaultConfigurationIsVisible</key>
			<string>0</string>
			<key>defaultConfigurationName</key>
			<string>Release</string>
			<key>isa</key>
			<string>XCConfigurationList</string>
		</dict>
		<key>4252E29A1CB0836900F0319A</key>
		<dict>
			<key>buildActionMask</key>
			<string>2147483647</string>
			<key>files</key>
			<array>
				<string>AEDA05DA1CB5D40A006449F7</string>
				<string>428CFC4A1CB3962900D52E8B</string>
				<string>428CFC4E1CB46B0300D52E8B</string>
				<string>428CFC481CB32DD600D52E8B</string>
				<string>428C256D1CB4BFC100137C57</string>
				<string>868DD2001CB0B69000F45B61</string>
				<string>AEDA05D41CB5CD04006449F7</string>
				<string>42B179DF1CB194A900D3E79A</string>
				<string>4252E2A61CB0836900F0319A</string>
				<string>AEDA05D81CB5CD2E006449F7</string>
				<string>42B179D31CB1942100D3E79A</string>
				<string>428CFC4C1CB3964000D52E8B</string>
				<string>42B179D71CB1943B00D3E79A</string>
				<string>AEDA05D61CB5CD21006449F7</string>
				<string>42B179D91CB1944800D3E79A</string>
				<string>42B179E31CB194C500D3E79A</string>
				<string>4252E2D21CB0903900F0319A</string>
				<string>428C25711CB4C01A00137C57</string>
				<string>4252E2A21CB0836900F0319A</string>
				<string>42B179E11CB194B700D3E79A</string>
				<string>428CFC3F1CB3251400D52E8B</string>
				<string>868DD1FE1CB0B51200F45B61</string>
				<string>42B179D11CB1941500D3E79A</string>
				<string>42B179D51CB1942E00D3E79A</string>
				<string>428CFC3D1CB323D800D52E8B</string>
				<string>4252E2D41CB0905800F0319A</string>
				<string>42B179DC1CB1947700D3E79A</string>
				<string>428C25641CB4B65000137C57</string>
				<string>4252E2A41CB0836900F0319A</string>
				<string>428C256B1CB4BF0500137C57</string>
			</array>
			<key>isa</key>
			<string>PBXSourcesBuildPhase</string>
			<key>runOnlyForDeploymentPostprocessing</key>
			<string>0</string>
		</dict>
		<key>4252E29B1CB0836900F0319A</key>
		<dict>
			<key>buildActionMask</key>
			<string>2147483647</string>
			<key>files</key>
			<array>
				<string>D3A51013BE80ABC26C775E7F</string>
			</array>
			<key>isa</key>
			<string>PBXFrameworksBuildPhase</string>
			<key>runOnlyForDeploymentPostprocessing</key>
			<string>0</string>
		</dict>
		<key>4252E29C1CB0836900F0319A</key>
		<dict>
			<key>buildActionMask</key>
			<string>2147483647</string>
			<key>files</key>
			<array>
				<string>428C25501CB4B32A00137C57</string>
				<string>428C255E1CB4B32A00137C57</string>
				<string>428C254D1CB4B32A00137C57</string>
				<string>428C25151CB4B2FC00137C57</string>
				<string>428C254E1CB4B32A00137C57</string>
				<string>428C25441CB4B32A00137C57</string>
				<string>4252E2AE1CB0836900F0319A</string>
				<string>428C254B1CB4B32A00137C57</string>
				<string>428C25411CB4B32A00137C57</string>
				<string>4273DC1E1CB583A6006E066F</string>
				<string>428C25571CB4B32A00137C57</string>
				<string>428C25621CB4B32A00137C57</string>
				<string>428C25161CB4B2FC00137C57</string>
				<string>428C254A1CB4B32A00137C57</string>
				<string>4252E2AB1CB0836900F0319A</string>
				<string>428C25471CB4B32A00137C57</string>
				<string>428C25541CB4B32A00137C57</string>
				<string>428C25591CB4B32A00137C57</string>
				<string>428C25601CB4B32A00137C57</string>
				<string>428C25511CB4B32A00137C57</string>
				<string>428C25611CB4B32A00137C57</string>
				<string>428C251E1CB4B31C00137C57</string>
				<string>428CFC461CB327E400D52E8B</string>
				<string>428C250C1CB4B24F00137C57</string>
				<string>428C250A1CB4B24F00137C57</string>
				<string>868DD2021CB0B9D700F45B61</string>
				<string>428C255F1CB4B32A00137C57</string>
				<string>428C25171CB4B2FC00137C57</string>
				<string>428C25531CB4B32A00137C57</string>
				<string>428C25481CB4B32A00137C57</string>
				<string>428C25581CB4B32A00137C57</string>
				<string>428C254C1CB4B32A00137C57</string>
				<string>428C255D1CB4B32A00137C57</string>
				<string>428C250B1CB4B24F00137C57</string>
				<string>428C25461CB4B32A00137C57</string>
				<string>428C25091CB4B24F00137C57</string>
				<string>428C25421CB4B32A00137C57</string>
				<string>428C25561CB4B32A00137C57</string>
				<string>4252E2A91CB0836900F0319A</string>
				<string>428C255B1CB4B32A00137C57</string>
				<string>428C255C1CB4B32A00137C57</string>
				<string>428C25181CB4B2FC00137C57</string>
				<string>428C25551CB4B32A00137C57</string>
				<string>428C255A1CB4B32A00137C57</string>
				<string>428C25521CB4B32A00137C57</string>
				<string>428C25491CB4B32A00137C57</string>
				<string>428C251D1CB4B31C00137C57</string>
				<string>428C25451CB4B32A00137C57</string>
				<string>428C25431CB4B32A00137C57</string>
				<string>428CFC411CB326AC00D52E8B</string>
				<string>428C251C1CB4B31C00137C57</string>
				<string>4273DC1C1CB582E0006E066F</string>
				<string>428C25141CB4B2FC00137C57</string>
				<string>428C25081CB4B24F00137C57</string>
				<string>428C254F1CB4B32A00137C57</string>
			</array>
			<key>isa</key>
			<string>PBXResourcesBuildPhase</string>
			<key>runOnlyForDeploymentPostprocessing</key>
			<string>0</string>
		</dict>
		<key>4252E29D1CB0836900F0319A</key>
		<dict>
			<key>buildConfigurationList</key>
			<string>4252E2C81CB0836900F0319A</string>
			<key>buildPhases</key>
			<array>
				<string>5A6F3149C21E2EC499235F5F</string>
				<string>4252E29A1CB0836900F0319A</string>
				<string>4252E29B1CB0836900F0319A</string>
				<string>4252E29C1CB0836900F0319A</string>
				<string>699034372CEAB095AA21B116</string>
				<string>0BCCCEC3B354AECDCA43D1DF</string>
			</array>
			<key>buildRules</key>
			<array/>
			<key>dependencies</key>
			<array/>
			<key>isa</key>
			<string>PBXNativeTarget</string>
			<key>name</key>
			<string>treatcard-dbc</string>
			<key>productName</key>
			<string>treatcard-dbc</string>
			<key>productReference</key>
			<string>4252E29E1CB0836900F0319A</string>
			<key>productType</key>
			<string>com.apple.product-type.application</string>
		</dict>
		<key>4252E29E1CB0836900F0319A</key>
		<dict>
			<key>explicitFileType</key>
			<string>wrapper.application</string>
			<key>includeInIndex</key>
			<string>0</string>
			<key>isa</key>
			<string>PBXFileReference</string>
			<key>path</key>
			<string>treatcard-dbc.app</string>
			<key>sourceTree</key>
			<string>BUILT_PRODUCTS_DIR</string>
		</dict>
		<key>4252E29F1CB0836900F0319A</key>
		<dict>
			<key>children</key>
			<array>
				<string>4252E29E1CB0836900F0319A</string>
				<string>4252E2B41CB0836900F0319A</string>
				<string>4252E2BF1CB0836900F0319A</string>
			</array>
			<key>isa</key>
			<string>PBXGroup</string>
			<key>name</key>
			<string>Products</string>
			<key>sourceTree</key>
			<string>&lt;group&gt;</string>
		</dict>
		<key>4252E2A01CB0836900F0319A</key>
		<dict>
			<key>children</key>
			<array>
				<string>428CFC441CB327A600D52E8B</string>
				<string>4252E2A11CB0836900F0319A</string>
				<string>42B179DA1CB1945500D3E79A</string>
				<string>42B179DD1CB1947B00D3E79A</string>
				<string>42B179E41CB194C900D3E79A</string>
				<string>42B179E51CB194D300D3E79A</string>
				<string>42B179E61CB194E200D3E79A</string>
				<string>4252E2A71CB0836900F0319A</string>
				<string>4252E2AA1CB0836900F0319A</string>
				<string>4252E2AC1CB0836900F0319A</string>
				<string>4252E2AF1CB0836900F0319A</string>
			</array>
			<key>isa</key>
			<string>PBXGroup</string>
			<key>path</key>
			<string>treatcard-dbc</string>
			<key>sourceTree</key>
			<string>&lt;group&gt;</string>
		</dict>
		<key>4252E2A11CB0836900F0319A</key>
		<dict>
			<key>isa</key>
			<string>PBXFileReference</string>
			<key>lastKnownFileType</key>
			<string>sourcecode.swift</string>
			<key>path</key>
			<string>AppDelegate.swift</string>
			<key>sourceTree</key>
			<string>&lt;group&gt;</string>
		</dict>
		<key>4252E2A21CB0836900F0319A</key>
		<dict>
			<key>fileRef</key>
			<string>4252E2A11CB0836900F0319A</string>
			<key>isa</key>
			<string>PBXBuildFile</string>
		</dict>
		<key>4252E2A31CB0836900F0319A</key>
		<dict>
			<key>isa</key>
			<string>PBXFileReference</string>
			<key>lastKnownFileType</key>
			<string>sourcecode.swift</string>
			<key>path</key>
			<string>CardsViewController.swift</string>
			<key>sourceTree</key>
			<string>&lt;group&gt;</string>
		</dict>
		<key>4252E2A41CB0836900F0319A</key>
		<dict>
			<key>fileRef</key>
			<string>4252E2A31CB0836900F0319A</string>
			<key>isa</key>
			<string>PBXBuildFile</string>
		</dict>
		<key>4252E2A51CB0836900F0319A</key>
		<dict>
			<key>isa</key>
			<string>PBXFileReference</string>
			<key>lastKnownFileType</key>
			<string>sourcecode.swift</string>
			<key>path</key>
			<string>SentViewController.swift</string>
			<key>sourceTree</key>
			<string>&lt;group&gt;</string>
		</dict>
		<key>4252E2A61CB0836900F0319A</key>
		<dict>
			<key>fileRef</key>
			<string>4252E2A51CB0836900F0319A</string>
			<key>isa</key>
			<string>PBXBuildFile</string>
		</dict>
		<key>4252E2A71CB0836900F0319A</key>
		<dict>
			<key>children</key>
			<array>
				<string>4252E2A81CB0836900F0319A</string>
			</array>
			<key>isa</key>
			<string>PBXVariantGroup</string>
			<key>name</key>
			<string>Main.storyboard</string>
			<key>sourceTree</key>
			<string>&lt;group&gt;</string>
		</dict>
		<key>4252E2A81CB0836900F0319A</key>
		<dict>
			<key>isa</key>
			<string>PBXFileReference</string>
			<key>lastKnownFileType</key>
			<string>file.storyboard</string>
			<key>name</key>
			<string>Base</string>
			<key>path</key>
			<string>Base.lproj/Main.storyboard</string>
			<key>sourceTree</key>
			<string>&lt;group&gt;</string>
		</dict>
		<key>4252E2A91CB0836900F0319A</key>
		<dict>
			<key>fileRef</key>
			<string>4252E2A71CB0836900F0319A</string>
			<key>isa</key>
			<string>PBXBuildFile</string>
		</dict>
		<key>4252E2AA1CB0836900F0319A</key>
		<dict>
			<key>isa</key>
			<string>PBXFileReference</string>
			<key>lastKnownFileType</key>
			<string>folder.assetcatalog</string>
			<key>path</key>
			<string>Assets.xcassets</string>
			<key>sourceTree</key>
			<string>&lt;group&gt;</string>
		</dict>
		<key>4252E2AB1CB0836900F0319A</key>
		<dict>
			<key>fileRef</key>
			<string>4252E2AA1CB0836900F0319A</string>
			<key>isa</key>
			<string>PBXBuildFile</string>
		</dict>
		<key>4252E2AC1CB0836900F0319A</key>
		<dict>
			<key>children</key>
			<array>
				<string>4252E2AD1CB0836900F0319A</string>
			</array>
			<key>isa</key>
			<string>PBXVariantGroup</string>
			<key>name</key>
			<string>LaunchScreen.storyboard</string>
			<key>sourceTree</key>
			<string>&lt;group&gt;</string>
		</dict>
		<key>4252E2AD1CB0836900F0319A</key>
		<dict>
			<key>isa</key>
			<string>PBXFileReference</string>
			<key>lastKnownFileType</key>
			<string>file.storyboard</string>
			<key>name</key>
			<string>Base</string>
			<key>path</key>
			<string>Base.lproj/LaunchScreen.storyboard</string>
			<key>sourceTree</key>
			<string>&lt;group&gt;</string>
		</dict>
		<key>4252E2AE1CB0836900F0319A</key>
		<dict>
			<key>fileRef</key>
			<string>4252E2AC1CB0836900F0319A</string>
			<key>isa</key>
			<string>PBXBuildFile</string>
		</dict>
		<key>4252E2AF1CB0836900F0319A</key>
		<dict>
			<key>isa</key>
			<string>PBXFileReference</string>
			<key>lastKnownFileType</key>
			<string>text.plist.xml</string>
			<key>path</key>
			<string>Info.plist</string>
			<key>sourceTree</key>
			<string>&lt;group&gt;</string>
		</dict>
		<key>4252E2B01CB0836900F0319A</key>
		<dict>
			<key>buildActionMask</key>
			<string>2147483647</string>
			<key>files</key>
			<array>
				<string>4252E2B91CB0836900F0319A</string>
			</array>
			<key>isa</key>
			<string>PBXSourcesBuildPhase</string>
			<key>runOnlyForDeploymentPostprocessing</key>
			<string>0</string>
		</dict>
		<key>4252E2B11CB0836900F0319A</key>
		<dict>
			<key>buildActionMask</key>
			<string>2147483647</string>
			<key>files</key>
			<array/>
			<key>isa</key>
			<string>PBXFrameworksBuildPhase</string>
			<key>runOnlyForDeploymentPostprocessing</key>
			<string>0</string>
		</dict>
		<key>4252E2B21CB0836900F0319A</key>
		<dict>
			<key>buildActionMask</key>
			<string>2147483647</string>
			<key>files</key>
			<array/>
			<key>isa</key>
			<string>PBXResourcesBuildPhase</string>
			<key>runOnlyForDeploymentPostprocessing</key>
			<string>0</string>
		</dict>
		<key>4252E2B31CB0836900F0319A</key>
		<dict>
			<key>buildConfigurationList</key>
			<string>4252E2CB1CB0836900F0319A</string>
			<key>buildPhases</key>
			<array>
				<string>4252E2B01CB0836900F0319A</string>
				<string>4252E2B11CB0836900F0319A</string>
				<string>4252E2B21CB0836900F0319A</string>
			</array>
			<key>buildRules</key>
			<array/>
			<key>dependencies</key>
			<array>
				<string>4252E2B61CB0836900F0319A</string>
			</array>
			<key>isa</key>
			<string>PBXNativeTarget</string>
			<key>name</key>
			<string>treatcard-dbcTests</string>
			<key>productName</key>
			<string>treatcard-dbcTests</string>
			<key>productReference</key>
			<string>4252E2B41CB0836900F0319A</string>
			<key>productType</key>
			<string>com.apple.product-type.bundle.unit-test</string>
		</dict>
		<key>4252E2B41CB0836900F0319A</key>
		<dict>
			<key>explicitFileType</key>
			<string>wrapper.cfbundle</string>
			<key>includeInIndex</key>
			<string>0</string>
			<key>isa</key>
			<string>PBXFileReference</string>
			<key>path</key>
			<string>treatcard-dbcTests.xctest</string>
			<key>sourceTree</key>
			<string>BUILT_PRODUCTS_DIR</string>
		</dict>
		<key>4252E2B51CB0836900F0319A</key>
		<dict>
			<key>containerPortal</key>
			<string>4252E2961CB0836900F0319A</string>
			<key>isa</key>
			<string>PBXContainerItemProxy</string>
			<key>proxyType</key>
			<string>1</string>
			<key>remoteGlobalIDString</key>
			<string>4252E29D1CB0836900F0319A</string>
			<key>remoteInfo</key>
			<string>treatcard-dbc</string>
		</dict>
		<key>4252E2B61CB0836900F0319A</key>
		<dict>
			<key>isa</key>
			<string>PBXTargetDependency</string>
			<key>target</key>
			<string>4252E29D1CB0836900F0319A</string>
			<key>targetProxy</key>
			<string>4252E2B51CB0836900F0319A</string>
		</dict>
		<key>4252E2B71CB0836900F0319A</key>
		<dict>
			<key>children</key>
			<array>
				<string>4252E2B81CB0836900F0319A</string>
				<string>4252E2BA1CB0836900F0319A</string>
			</array>
			<key>isa</key>
			<string>PBXGroup</string>
			<key>path</key>
			<string>treatcard-dbcTests</string>
			<key>sourceTree</key>
			<string>&lt;group&gt;</string>
		</dict>
		<key>4252E2B81CB0836900F0319A</key>
		<dict>
			<key>isa</key>
			<string>PBXFileReference</string>
			<key>lastKnownFileType</key>
			<string>sourcecode.swift</string>
			<key>path</key>
			<string>treatcard_dbcTests.swift</string>
			<key>sourceTree</key>
			<string>&lt;group&gt;</string>
		</dict>
		<key>4252E2B91CB0836900F0319A</key>
		<dict>
			<key>fileRef</key>
			<string>4252E2B81CB0836900F0319A</string>
			<key>isa</key>
			<string>PBXBuildFile</string>
		</dict>
		<key>4252E2BA1CB0836900F0319A</key>
		<dict>
			<key>isa</key>
			<string>PBXFileReference</string>
			<key>lastKnownFileType</key>
			<string>text.plist.xml</string>
			<key>path</key>
			<string>Info.plist</string>
			<key>sourceTree</key>
			<string>&lt;group&gt;</string>
		</dict>
		<key>4252E2BB1CB0836900F0319A</key>
		<dict>
			<key>buildActionMask</key>
			<string>2147483647</string>
			<key>files</key>
			<array>
				<string>4252E2C41CB0836900F0319A</string>
			</array>
			<key>isa</key>
			<string>PBXSourcesBuildPhase</string>
			<key>runOnlyForDeploymentPostprocessing</key>
			<string>0</string>
		</dict>
		<key>4252E2BC1CB0836900F0319A</key>
		<dict>
			<key>buildActionMask</key>
			<string>2147483647</string>
			<key>files</key>
			<array/>
			<key>isa</key>
			<string>PBXFrameworksBuildPhase</string>
			<key>runOnlyForDeploymentPostprocessing</key>
			<string>0</string>
		</dict>
		<key>4252E2BD1CB0836900F0319A</key>
		<dict>
			<key>buildActionMask</key>
			<string>2147483647</string>
			<key>files</key>
			<array/>
			<key>isa</key>
			<string>PBXResourcesBuildPhase</string>
			<key>runOnlyForDeploymentPostprocessing</key>
			<string>0</string>
		</dict>
		<key>4252E2BE1CB0836900F0319A</key>
		<dict>
			<key>buildConfigurationList</key>
			<string>4252E2CE1CB0836900F0319A</string>
			<key>buildPhases</key>
			<array>
				<string>4252E2BB1CB0836900F0319A</string>
				<string>4252E2BC1CB0836900F0319A</string>
				<string>4252E2BD1CB0836900F0319A</string>
			</array>
			<key>buildRules</key>
			<array/>
			<key>dependencies</key>
			<array>
				<string>4252E2C11CB0836900F0319A</string>
			</array>
			<key>isa</key>
			<string>PBXNativeTarget</string>
			<key>name</key>
			<string>treatcard-dbcUITests</string>
			<key>productName</key>
			<string>treatcard-dbcUITests</string>
			<key>productReference</key>
			<string>4252E2BF1CB0836900F0319A</string>
			<key>productType</key>
			<string>com.apple.product-type.bundle.ui-testing</string>
		</dict>
		<key>4252E2BF1CB0836900F0319A</key>
		<dict>
			<key>explicitFileType</key>
			<string>wrapper.cfbundle</string>
			<key>includeInIndex</key>
			<string>0</string>
			<key>isa</key>
			<string>PBXFileReference</string>
			<key>path</key>
			<string>treatcard-dbcUITests.xctest</string>
			<key>sourceTree</key>
			<string>BUILT_PRODUCTS_DIR</string>
		</dict>
		<key>4252E2C01CB0836900F0319A</key>
		<dict>
			<key>containerPortal</key>
			<string>4252E2961CB0836900F0319A</string>
			<key>isa</key>
			<string>PBXContainerItemProxy</string>
			<key>proxyType</key>
			<string>1</string>
			<key>remoteGlobalIDString</key>
			<string>4252E29D1CB0836900F0319A</string>
			<key>remoteInfo</key>
			<string>treatcard-dbc</string>
		</dict>
		<key>4252E2C11CB0836900F0319A</key>
		<dict>
			<key>isa</key>
			<string>PBXTargetDependency</string>
			<key>target</key>
			<string>4252E29D1CB0836900F0319A</string>
			<key>targetProxy</key>
			<string>4252E2C01CB0836900F0319A</string>
		</dict>
		<key>4252E2C21CB0836900F0319A</key>
		<dict>
			<key>children</key>
			<array>
				<string>4252E2C31CB0836900F0319A</string>
				<string>4252E2C51CB0836900F0319A</string>
			</array>
			<key>isa</key>
			<string>PBXGroup</string>
			<key>path</key>
			<string>treatcard-dbcUITests</string>
			<key>sourceTree</key>
			<string>&lt;group&gt;</string>
		</dict>
		<key>4252E2C31CB0836900F0319A</key>
		<dict>
			<key>isa</key>
			<string>PBXFileReference</string>
			<key>lastKnownFileType</key>
			<string>sourcecode.swift</string>
			<key>path</key>
			<string>treatcard_dbcUITests.swift</string>
			<key>sourceTree</key>
			<string>&lt;group&gt;</string>
		</dict>
		<key>4252E2C41CB0836900F0319A</key>
		<dict>
			<key>fileRef</key>
			<string>4252E2C31CB0836900F0319A</string>
			<key>isa</key>
			<string>PBXBuildFile</string>
		</dict>
		<key>4252E2C51CB0836900F0319A</key>
		<dict>
			<key>isa</key>
			<string>PBXFileReference</string>
			<key>lastKnownFileType</key>
			<string>text.plist.xml</string>
			<key>path</key>
			<string>Info.plist</string>
			<key>sourceTree</key>
			<string>&lt;group&gt;</string>
		</dict>
		<key>4252E2C61CB0836900F0319A</key>
		<dict>
			<key>buildSettings</key>
			<dict>
				<key>ALWAYS_SEARCH_USER_PATHS</key>
				<string>NO</string>
				<key>CLANG_ANALYZER_NONNULL</key>
				<string>YES</string>
				<key>CLANG_CXX_LANGUAGE_STANDARD</key>
				<string>gnu++0x</string>
				<key>CLANG_CXX_LIBRARY</key>
				<string>libc++</string>
				<key>CLANG_ENABLE_MODULES</key>
				<string>YES</string>
				<key>CLANG_ENABLE_OBJC_ARC</key>
				<string>YES</string>
				<key>CLANG_WARN_BOOL_CONVERSION</key>
				<string>YES</string>
				<key>CLANG_WARN_CONSTANT_CONVERSION</key>
				<string>YES</string>
				<key>CLANG_WARN_DIRECT_OBJC_ISA_USAGE</key>
				<string>YES_ERROR</string>
				<key>CLANG_WARN_EMPTY_BODY</key>
				<string>YES</string>
				<key>CLANG_WARN_ENUM_CONVERSION</key>
				<string>YES</string>
				<key>CLANG_WARN_INT_CONVERSION</key>
				<string>YES</string>
				<key>CLANG_WARN_OBJC_ROOT_CLASS</key>
				<string>YES_ERROR</string>
				<key>CLANG_WARN_UNREACHABLE_CODE</key>
				<string>YES</string>
				<key>CLANG_WARN__DUPLICATE_METHOD_MATCH</key>
				<string>YES</string>
				<key>CODE_SIGN_IDENTITY[sdk=iphoneos*]</key>
				<string>iPhone Developer</string>
				<key>COPY_PHASE_STRIP</key>
				<string>NO</string>
				<key>DEBUG_INFORMATION_FORMAT</key>
				<string>dwarf</string>
				<key>ENABLE_STRICT_OBJC_MSGSEND</key>
				<string>YES</string>
				<key>ENABLE_TESTABILITY</key>
				<string>YES</string>
				<key>GCC_C_LANGUAGE_STANDARD</key>
				<string>gnu99</string>
				<key>GCC_DYNAMIC_NO_PIC</key>
				<string>NO</string>
				<key>GCC_NO_COMMON_BLOCKS</key>
				<string>YES</string>
				<key>GCC_OPTIMIZATION_LEVEL</key>
				<string>0</string>
				<key>GCC_PREPROCESSOR_DEFINITIONS</key>
				<array>
					<string>DEBUG=1</string>
					<string>$(inherited)</string>
				</array>
				<key>GCC_WARN_64_TO_32_BIT_CONVERSION</key>
				<string>YES</string>
				<key>GCC_WARN_ABOUT_RETURN_TYPE</key>
				<string>YES_ERROR</string>
				<key>GCC_WARN_UNDECLARED_SELECTOR</key>
				<string>YES</string>
				<key>GCC_WARN_UNINITIALIZED_AUTOS</key>
				<string>YES_AGGRESSIVE</string>
				<key>GCC_WARN_UNUSED_FUNCTION</key>
				<string>YES</string>
				<key>GCC_WARN_UNUSED_VARIABLE</key>
				<string>YES</string>
				<key>IPHONEOS_DEPLOYMENT_TARGET</key>
				<string>9.3</string>
				<key>MTL_ENABLE_DEBUG_INFO</key>
				<string>YES</string>
				<key>ONLY_ACTIVE_ARCH</key>
				<string>YES</string>
				<key>SDKROOT</key>
				<string>iphoneos</string>
				<key>SWIFT_OPTIMIZATION_LEVEL</key>
				<string>-Onone</string>
			</dict>
			<key>isa</key>
			<string>XCBuildConfiguration</string>
			<key>name</key>
			<string>Debug</string>
		</dict>
		<key>4252E2C71CB0836900F0319A</key>
		<dict>
			<key>buildSettings</key>
			<dict>
				<key>ALWAYS_SEARCH_USER_PATHS</key>
				<string>NO</string>
				<key>CLANG_ANALYZER_NONNULL</key>
				<string>YES</string>
				<key>CLANG_CXX_LANGUAGE_STANDARD</key>
				<string>gnu++0x</string>
				<key>CLANG_CXX_LIBRARY</key>
				<string>libc++</string>
				<key>CLANG_ENABLE_MODULES</key>
				<string>YES</string>
				<key>CLANG_ENABLE_OBJC_ARC</key>
				<string>YES</string>
				<key>CLANG_WARN_BOOL_CONVERSION</key>
				<string>YES</string>
				<key>CLANG_WARN_CONSTANT_CONVERSION</key>
				<string>YES</string>
				<key>CLANG_WARN_DIRECT_OBJC_ISA_USAGE</key>
				<string>YES_ERROR</string>
				<key>CLANG_WARN_EMPTY_BODY</key>
				<string>YES</string>
				<key>CLANG_WARN_ENUM_CONVERSION</key>
				<string>YES</string>
				<key>CLANG_WARN_INT_CONVERSION</key>
				<string>YES</string>
				<key>CLANG_WARN_OBJC_ROOT_CLASS</key>
				<string>YES_ERROR</string>
				<key>CLANG_WARN_UNREACHABLE_CODE</key>
				<string>YES</string>
				<key>CLANG_WARN__DUPLICATE_METHOD_MATCH</key>
				<string>YES</string>
				<key>CODE_SIGN_IDENTITY[sdk=iphoneos*]</key>
				<string>iPhone Developer</string>
				<key>COPY_PHASE_STRIP</key>
				<string>NO</string>
				<key>DEBUG_INFORMATION_FORMAT</key>
				<string>dwarf-with-dsym</string>
				<key>ENABLE_NS_ASSERTIONS</key>
				<string>NO</string>
				<key>ENABLE_STRICT_OBJC_MSGSEND</key>
				<string>YES</string>
				<key>GCC_C_LANGUAGE_STANDARD</key>
				<string>gnu99</string>
				<key>GCC_NO_COMMON_BLOCKS</key>
				<string>YES</string>
				<key>GCC_WARN_64_TO_32_BIT_CONVERSION</key>
				<string>YES</string>
				<key>GCC_WARN_ABOUT_RETURN_TYPE</key>
				<string>YES_ERROR</string>
				<key>GCC_WARN_UNDECLARED_SELECTOR</key>
				<string>YES</string>
				<key>GCC_WARN_UNINITIALIZED_AUTOS</key>
				<string>YES_AGGRESSIVE</string>
				<key>GCC_WARN_UNUSED_FUNCTION</key>
				<string>YES</string>
				<key>GCC_WARN_UNUSED_VARIABLE</key>
				<string>YES</string>
				<key>IPHONEOS_DEPLOYMENT_TARGET</key>
				<string>9.3</string>
				<key>MTL_ENABLE_DEBUG_INFO</key>
				<string>NO</string>
				<key>SDKROOT</key>
				<string>iphoneos</string>
				<key>VALIDATE_PRODUCT</key>
				<string>YES</string>
			</dict>
			<key>isa</key>
			<string>XCBuildConfiguration</string>
			<key>name</key>
			<string>Release</string>
		</dict>
		<key>4252E2C81CB0836900F0319A</key>
		<dict>
			<key>buildConfigurations</key>
			<array>
				<string>4252E2C91CB0836900F0319A</string>
				<string>4252E2CA1CB0836900F0319A</string>
			</array>
			<key>defaultConfigurationIsVisible</key>
			<string>0</string>
			<key>defaultConfigurationName</key>
			<string>Release</string>
			<key>isa</key>
			<string>XCConfigurationList</string>
		</dict>
		<key>4252E2C91CB0836900F0319A</key>
		<dict>
			<key>baseConfigurationReference</key>
			<string>06044D1F7CCD591D5AFF8705</string>
			<key>buildSettings</key>
			<dict>
				<key>ASSETCATALOG_COMPILER_APPICON_NAME</key>
				<string>AppIcon-1</string>
				<key>CODE_SIGN_IDENTITY</key>
				<string>iPhone Developer</string>
				<key>CODE_SIGN_IDENTITY[sdk=iphoneos*]</key>
				<string>iPhone Developer</string>
				<key>INFOPLIST_FILE</key>
				<string>treatcard-dbc/Info.plist</string>
				<key>LD_RUNPATH_SEARCH_PATHS</key>
				<string>$(inherited) @executable_path/Frameworks</string>
				<key>PRODUCT_BUNDLE_IDENTIFIER</key>
				<string>com.treatcard.treatcard-dbc</string>
				<key>PRODUCT_NAME</key>
				<string>$(TARGET_NAME)</string>
				<key>PROVISIONING_PROFILE</key>
				<string></string>
			</dict>
			<key>isa</key>
			<string>XCBuildConfiguration</string>
			<key>name</key>
			<string>Debug</string>
		</dict>
		<key>4252E2CA1CB0836900F0319A</key>
		<dict>
			<key>baseConfigurationReference</key>
			<string>276D2458E7248E1012CCB0A6</string>
			<key>buildSettings</key>
			<dict>
				<key>ASSETCATALOG_COMPILER_APPICON_NAME</key>
				<string>AppIcon-1</string>
				<key>CODE_SIGN_IDENTITY</key>
				<string>iPhone Developer</string>
				<key>CODE_SIGN_IDENTITY[sdk=iphoneos*]</key>
				<string>iPhone Developer</string>
				<key>INFOPLIST_FILE</key>
				<string>treatcard-dbc/Info.plist</string>
				<key>LD_RUNPATH_SEARCH_PATHS</key>
				<string>$(inherited) @executable_path/Frameworks</string>
				<key>PRODUCT_BUNDLE_IDENTIFIER</key>
				<string>com.treatcard.treatcard-dbc</string>
				<key>PRODUCT_NAME</key>
				<string>$(TARGET_NAME)</string>
				<key>PROVISIONING_PROFILE</key>
				<string></string>
			</dict>
			<key>isa</key>
			<string>XCBuildConfiguration</string>
			<key>name</key>
			<string>Release</string>
		</dict>
		<key>4252E2CB1CB0836900F0319A</key>
		<dict>
			<key>buildConfigurations</key>
			<array>
				<string>4252E2CC1CB0836900F0319A</string>
				<string>4252E2CD1CB0836900F0319A</string>
			</array>
			<key>defaultConfigurationIsVisible</key>
			<string>0</string>
			<key>defaultConfigurationName</key>
			<string>Release</string>
			<key>isa</key>
			<string>XCConfigurationList</string>
		</dict>
		<key>4252E2CC1CB0836900F0319A</key>
		<dict>
			<key>buildSettings</key>
			<dict>
				<key>BUNDLE_LOADER</key>
				<string>$(TEST_HOST)</string>
				<key>INFOPLIST_FILE</key>
				<string>treatcard-dbcTests/Info.plist</string>
				<key>LD_RUNPATH_SEARCH_PATHS</key>
				<string>$(inherited) @executable_path/Frameworks @loader_path/Frameworks</string>
				<key>PRODUCT_BUNDLE_IDENTIFIER</key>
				<string>com.treatcard.treatcard-dbcTests</string>
				<key>PRODUCT_NAME</key>
				<string>$(TARGET_NAME)</string>
				<key>TEST_HOST</key>
				<string>$(BUILT_PRODUCTS_DIR)/treatcard-dbc.app/treatcard-dbc</string>
			</dict>
			<key>isa</key>
			<string>XCBuildConfiguration</string>
			<key>name</key>
			<string>Debug</string>
		</dict>
		<key>4252E2CD1CB0836900F0319A</key>
		<dict>
			<key>buildSettings</key>
			<dict>
				<key>BUNDLE_LOADER</key>
				<string>$(TEST_HOST)</string>
				<key>INFOPLIST_FILE</key>
				<string>treatcard-dbcTests/Info.plist</string>
				<key>LD_RUNPATH_SEARCH_PATHS</key>
				<string>$(inherited) @executable_path/Frameworks @loader_path/Frameworks</string>
				<key>PRODUCT_BUNDLE_IDENTIFIER</key>
				<string>com.treatcard.treatcard-dbcTests</string>
				<key>PRODUCT_NAME</key>
				<string>$(TARGET_NAME)</string>
				<key>TEST_HOST</key>
				<string>$(BUILT_PRODUCTS_DIR)/treatcard-dbc.app/treatcard-dbc</string>
			</dict>
			<key>isa</key>
			<string>XCBuildConfiguration</string>
			<key>name</key>
			<string>Release</string>
		</dict>
		<key>4252E2CE1CB0836900F0319A</key>
		<dict>
			<key>buildConfigurations</key>
			<array>
				<string>4252E2CF1CB0836900F0319A</string>
				<string>4252E2D01CB0836900F0319A</string>
			</array>
			<key>defaultConfigurationIsVisible</key>
			<string>0</string>
			<key>defaultConfigurationName</key>
			<string>Release</string>
			<key>isa</key>
			<string>XCConfigurationList</string>
		</dict>
		<key>4252E2CF1CB0836900F0319A</key>
		<dict>
			<key>buildSettings</key>
			<dict>
				<key>INFOPLIST_FILE</key>
				<string>treatcard-dbcUITests/Info.plist</string>
				<key>LD_RUNPATH_SEARCH_PATHS</key>
				<string>$(inherited) @executable_path/Frameworks @loader_path/Frameworks</string>
				<key>PRODUCT_BUNDLE_IDENTIFIER</key>
				<string>com.treatcard.treatcard-dbcUITests</string>
				<key>PRODUCT_NAME</key>
				<string>$(TARGET_NAME)</string>
				<key>TEST_TARGET_NAME</key>
				<string>treatcard-dbc</string>
			</dict>
			<key>isa</key>
			<string>XCBuildConfiguration</string>
			<key>name</key>
			<string>Debug</string>
		</dict>
		<key>4252E2D01CB0836900F0319A</key>
		<dict>
			<key>buildSettings</key>
			<dict>
				<key>INFOPLIST_FILE</key>
				<string>treatcard-dbcUITests/Info.plist</string>
				<key>LD_RUNPATH_SEARCH_PATHS</key>
				<string>$(inherited) @executable_path/Frameworks @loader_path/Frameworks</string>
				<key>PRODUCT_BUNDLE_IDENTIFIER</key>
				<string>com.treatcard.treatcard-dbcUITests</string>
				<key>PRODUCT_NAME</key>
				<string>$(TARGET_NAME)</string>
				<key>TEST_TARGET_NAME</key>
				<string>treatcard-dbc</string>
			</dict>
			<key>isa</key>
			<string>XCBuildConfiguration</string>
			<key>name</key>
			<string>Release</string>
		</dict>
		<key>4252E2D11CB0903900F0319A</key>
		<dict>
			<key>fileEncoding</key>
			<string>4</string>
			<key>isa</key>
			<string>PBXFileReference</string>
			<key>lastKnownFileType</key>
			<string>sourcecode.swift</string>
			<key>path</key>
			<string>ReceivedViewController.swift</string>
			<key>sourceTree</key>
			<string>&lt;group&gt;</string>
		</dict>
		<key>4252E2D21CB0903900F0319A</key>
		<dict>
			<key>fileRef</key>
			<string>4252E2D11CB0903900F0319A</string>
			<key>isa</key>
			<string>PBXBuildFile</string>
		</dict>
		<key>4252E2D31CB0905800F0319A</key>
		<dict>
			<key>fileEncoding</key>
			<string>4</string>
			<key>isa</key>
			<string>PBXFileReference</string>
			<key>lastKnownFileType</key>
			<string>sourcecode.swift</string>
			<key>path</key>
			<string>SettingsViewController.swift</string>
			<key>sourceTree</key>
			<string>&lt;group&gt;</string>
		</dict>
		<key>4252E2D41CB0905800F0319A</key>
		<dict>
			<key>fileRef</key>
			<string>4252E2D31CB0905800F0319A</string>
			<key>isa</key>
			<string>PBXBuildFile</string>
		</dict>
		<key>4273DC1B1CB582E0006E066F</key>
		<dict>
			<key>fileEncoding</key>
			<string>4</string>
			<key>isa</key>
			<string>PBXFileReference</string>
			<key>lastKnownFileType</key>
			<string>text.plist.xml</string>
			<key>path</key>
			<string>categories.plist</string>
			<key>sourceTree</key>
			<string>&lt;group&gt;</string>
		</dict>
		<key>4273DC1C1CB582E0006E066F</key>
		<dict>
			<key>fileRef</key>
			<string>4273DC1B1CB582E0006E066F</string>
			<key>isa</key>
			<string>PBXBuildFile</string>
		</dict>
		<key>4273DC1D1CB583A6006E066F</key>
		<dict>
			<key>isa</key>
			<string>PBXFileReference</string>
			<key>lastKnownFileType</key>
			<string>folder.assetcatalog</string>
			<key>path</key>
			<string>categories.xcassets</string>
			<key>sourceTree</key>
			<string>&lt;group&gt;</string>
		</dict>
		<key>4273DC1E1CB583A6006E066F</key>
		<dict>
			<key>fileRef</key>
			<string>4273DC1D1CB583A6006E066F</string>
			<key>isa</key>
			<string>PBXBuildFile</string>
		</dict>
		<key>428C25031CB4B24F00137C57</key>
		<dict>
			<key>isa</key>
			<string>PBXFileReference</string>
			<key>lastKnownFileType</key>
			<string>image.png</string>
			<key>path</key>
			<string>cover5.png</string>
			<key>sourceTree</key>
			<string>&lt;group&gt;</string>
		</dict>
		<key>428C25041CB4B24F00137C57</key>
		<dict>
			<key>isa</key>
			<string>PBXFileReference</string>
			<key>lastKnownFileType</key>
			<string>image.png</string>
			<key>path</key>
			<string>cover4.png</string>
			<key>sourceTree</key>
			<string>&lt;group&gt;</string>
		</dict>
		<key>428C25051CB4B24F00137C57</key>
		<dict>
			<key>isa</key>
			<string>PBXFileReference</string>
			<key>lastKnownFileType</key>
			<string>image.png</string>
			<key>path</key>
			<string>cover1.png</string>
			<key>sourceTree</key>
			<string>&lt;group&gt;</string>
		</dict>
		<key>428C25061CB4B24F00137C57</key>
		<dict>
			<key>isa</key>
			<string>PBXFileReference</string>
			<key>lastKnownFileType</key>
			<string>image.png</string>
			<key>path</key>
			<string>cover2.png</string>
			<key>sourceTree</key>
			<string>&lt;group&gt;</string>
		</dict>
		<key>428C25071CB4B24F00137C57</key>
		<dict>
			<key>isa</key>
			<string>PBXFileReference</string>
			<key>lastKnownFileType</key>
			<string>image.png</string>
			<key>path</key>
			<string>cover3.png</string>
			<key>sourceTree</key>
			<string>&lt;group&gt;</string>
		</dict>
		<key>428C25081CB4B24F00137C57</key>
		<dict>
			<key>fileRef</key>
			<string>428C25031CB4B24F00137C57</string>
			<key>isa</key>
			<string>PBXBuildFile</string>
		</dict>
		<key>428C25091CB4B24F00137C57</key>
		<dict>
			<key>fileRef</key>
			<string>428C25041CB4B24F00137C57</string>
			<key>isa</key>
			<string>PBXBuildFile</string>
		</dict>
		<key>428C250A1CB4B24F00137C57</key>
		<dict>
			<key>fileRef</key>
			<string>428C25051CB4B24F00137C57</string>
			<key>isa</key>
			<string>PBXBuildFile</string>
		</dict>
		<key>428C250B1CB4B24F00137C57</key>
		<dict>
			<key>fileRef</key>
			<string>428C25061CB4B24F00137C57</string>
			<key>isa</key>
			<string>PBXBuildFile</string>
		</dict>
		<key>428C250C1CB4B24F00137C57</key>
		<dict>
			<key>fileRef</key>
			<string>428C25071CB4B24F00137C57</string>
			<key>isa</key>
			<string>PBXBuildFile</string>
		</dict>
		<key>428C250D1CB4B25700137C57</key>
		<dict>
			<key>children</key>
			<array>
				<string>428C25651CB4BB8E00137C57</string>
				<string>428C25661CB4BBB400137C57</string>
				<string>428C25671CB4BC4400137C57</string>
				<string>428C25691CB4BC8B00137C57</string>
				<string>428C25681CB4BC7300137C57</string>
			</array>
			<key>isa</key>
			<string>PBXGroup</string>
			<key>name</key>
			<string>Card Decoration</string>
			<key>sourceTree</key>
			<string>&lt;group&gt;</string>
		</dict>
		<key>428C250E1CB4B25E00137C57</key>
		<dict>
			<key>children</key>
			<array>
				<string>428C250D1CB4B25700137C57</string>
			</array>
			<key>isa</key>
			<string>PBXGroup</string>
			<key>name</key>
			<string>Images</string>
			<key>sourceTree</key>
			<string>&lt;group&gt;</string>
		</dict>
		<key>428C250F1CB4B2FC00137C57</key>
		<dict>
			<key>isa</key>
			<string>PBXFileReference</string>
			<key>lastKnownFileType</key>
			<string>image.png</string>
			<key>path</key>
			<string>template3.png</string>
			<key>sourceTree</key>
			<string>&lt;group&gt;</string>
		</dict>
		<key>428C25101CB4B2FC00137C57</key>
		<dict>
			<key>isa</key>
			<string>PBXFileReference</string>
			<key>lastKnownFileType</key>
			<string>image.png</string>
			<key>path</key>
			<string>template4.png</string>
			<key>sourceTree</key>
			<string>&lt;group&gt;</string>
		</dict>
		<key>428C25111CB4B2FC00137C57</key>
		<dict>
			<key>isa</key>
			<string>PBXFileReference</string>
			<key>lastKnownFileType</key>
			<string>image.png</string>
			<key>path</key>
			<string>template7.png</string>
			<key>sourceTree</key>
			<string>&lt;group&gt;</string>
		</dict>
		<key>428C25121CB4B2FC00137C57</key>
		<dict>
			<key>isa</key>
			<string>PBXFileReference</string>
			<key>lastKnownFileType</key>
			<string>image.png</string>
			<key>path</key>
			<string>template8.png</string>
			<key>sourceTree</key>
			<string>&lt;group&gt;</string>
		</dict>
		<key>428C25131CB4B2FC00137C57</key>
		<dict>
			<key>isa</key>
			<string>PBXFileReference</string>
			<key>lastKnownFileType</key>
			<string>image.png</string>
			<key>path</key>
			<string>template9.png</string>
			<key>sourceTree</key>
			<string>&lt;group&gt;</string>
		</dict>
		<key>428C25141CB4B2FC00137C57</key>
		<dict>
			<key>fileRef</key>
			<string>428C250F1CB4B2FC00137C57</string>
			<key>isa</key>
			<string>PBXBuildFile</string>
		</dict>
		<key>428C25151CB4B2FC00137C57</key>
		<dict>
			<key>fileRef</key>
			<string>428C25101CB4B2FC00137C57</string>
			<key>isa</key>
			<string>PBXBuildFile</string>
		</dict>
		<key>428C25161CB4B2FC00137C57</key>
		<dict>
			<key>fileRef</key>
			<string>428C25111CB4B2FC00137C57</string>
			<key>isa</key>
			<string>PBXBuildFile</string>
		</dict>
		<key>428C25171CB4B2FC00137C57</key>
		<dict>
			<key>fileRef</key>
			<string>428C25121CB4B2FC00137C57</string>
			<key>isa</key>
			<string>PBXBuildFile</string>
		</dict>
		<key>428C25181CB4B2FC00137C57</key>
		<dict>
			<key>fileRef</key>
			<string>428C25131CB4B2FC00137C57</string>
			<key>isa</key>
			<string>PBXBuildFile</string>
		</dict>
		<key>428C25191CB4B31C00137C57</key>
		<dict>
			<key>isa</key>
			<string>PBXFileReference</string>
			<key>lastKnownFileType</key>
			<string>image.png</string>
			<key>path</key>
			<string>template1.png</string>
			<key>sourceTree</key>
			<string>&lt;group&gt;</string>
		</dict>
		<key>428C251A1CB4B31C00137C57</key>
		<dict>
			<key>isa</key>
			<string>PBXFileReference</string>
			<key>lastKnownFileType</key>
			<string>image.png</string>
			<key>path</key>
			<string>template5.png</string>
			<key>sourceTree</key>
			<string>&lt;group&gt;</string>
		</dict>
		<key>428C251B1CB4B31C00137C57</key>
		<dict>
			<key>isa</key>
			<string>PBXFileReference</string>
			<key>lastKnownFileType</key>
			<string>image.png</string>
			<key>path</key>
			<string>template6.png</string>
			<key>sourceTree</key>
			<string>&lt;group&gt;</string>
		</dict>
		<key>428C251C1CB4B31C00137C57</key>
		<dict>
			<key>fileRef</key>
			<string>428C25191CB4B31C00137C57</string>
			<key>isa</key>
			<string>PBXBuildFile</string>
		</dict>
		<key>428C251D1CB4B31C00137C57</key>
		<dict>
			<key>fileRef</key>
			<string>428C251A1CB4B31C00137C57</string>
			<key>isa</key>
			<string>PBXBuildFile</string>
		</dict>
		<key>428C251E1CB4B31C00137C57</key>
		<dict>
			<key>fileRef</key>
			<string>428C251B1CB4B31C00137C57</string>
			<key>isa</key>
			<string>PBXBuildFile</string>
		</dict>
		<key>428C251F1CB4B32A00137C57</key>
		<dict>
			<key>isa</key>
			<string>PBXFileReference</string>
			<key>lastKnownFileType</key>
			<string>image.png</string>
			<key>path</key>
			<string>template10.png</string>
			<key>sourceTree</key>
			<string>&lt;group&gt;</string>
		</dict>
		<key>428C25201CB4B32A00137C57</key>
		<dict>
			<key>isa</key>
			<string>PBXFileReference</string>
			<key>lastKnownFileType</key>
			<string>image.png</string>
			<key>path</key>
			<string>template11.png</string>
			<key>sourceTree</key>
			<string>&lt;group&gt;</string>
		</dict>
		<key>428C25211CB4B32A00137C57</key>
		<dict>
			<key>isa</key>
			<string>PBXFileReference</string>
			<key>lastKnownFileType</key>
			<string>image.png</string>
			<key>path</key>
			<string>template12.png</string>
			<key>sourceTree</key>
			<string>&lt;group&gt;</string>
		</dict>
		<key>428C25221CB4B32A00137C57</key>
		<dict>
			<key>isa</key>
			<string>PBXFileReference</string>
			<key>lastKnownFileType</key>
			<string>image.png</string>
			<key>path</key>
			<string>template13.png</string>
			<key>sourceTree</key>
			<string>&lt;group&gt;</string>
		</dict>
		<key>428C25231CB4B32A00137C57</key>
		<dict>
			<key>isa</key>
			<string>PBXFileReference</string>
			<key>lastKnownFileType</key>
			<string>image.png</string>
			<key>path</key>
			<string>template14.png</string>
			<key>sourceTree</key>
			<string>&lt;group&gt;</string>
		</dict>
		<key>428C25241CB4B32A00137C57</key>
		<dict>
			<key>isa</key>
			<string>PBXFileReference</string>
			<key>lastKnownFileType</key>
			<string>image.png</string>
			<key>path</key>
			<string>template15.png</string>
			<key>sourceTree</key>
			<string>&lt;group&gt;</string>
		</dict>
		<key>428C25251CB4B32A00137C57</key>
		<dict>
			<key>isa</key>
			<string>PBXFileReference</string>
			<key>lastKnownFileType</key>
			<string>image.png</string>
			<key>path</key>
			<string>template16.png</string>
			<key>sourceTree</key>
			<string>&lt;group&gt;</string>
		</dict>
		<key>428C25261CB4B32A00137C57</key>
		<dict>
			<key>isa</key>
			<string>PBXFileReference</string>
			<key>lastKnownFileType</key>
			<string>image.png</string>
			<key>path</key>
			<string>template17.png</string>
			<key>sourceTree</key>
			<string>&lt;group&gt;</string>
		</dict>
		<key>428C25271CB4B32A00137C57</key>
		<dict>
			<key>isa</key>
			<string>PBXFileReference</string>
			<key>lastKnownFileType</key>
			<string>image.png</string>
			<key>path</key>
			<string>template18.png</string>
			<key>sourceTree</key>
			<string>&lt;group&gt;</string>
		</dict>
		<key>428C25281CB4B32A00137C57</key>
		<dict>
			<key>isa</key>
			<string>PBXFileReference</string>
			<key>lastKnownFileType</key>
			<string>image.png</string>
			<key>path</key>
			<string>template19.png</string>
			<key>sourceTree</key>
			<string>&lt;group&gt;</string>
		</dict>
		<key>428C25291CB4B32A00137C57</key>
		<dict>
			<key>isa</key>
			<string>PBXFileReference</string>
			<key>lastKnownFileType</key>
			<string>image.png</string>
			<key>path</key>
			<string>template20.png</string>
			<key>sourceTree</key>
			<string>&lt;group&gt;</string>
		</dict>
		<key>428C252A1CB4B32A00137C57</key>
		<dict>
			<key>isa</key>
			<string>PBXFileReference</string>
			<key>lastKnownFileType</key>
			<string>image.png</string>
			<key>path</key>
			<string>template21.png</string>
			<key>sourceTree</key>
			<string>&lt;group&gt;</string>
		</dict>
		<key>428C252B1CB4B32A00137C57</key>
		<dict>
			<key>isa</key>
			<string>PBXFileReference</string>
			<key>lastKnownFileType</key>
			<string>image.png</string>
			<key>path</key>
			<string>template22.png</string>
			<key>sourceTree</key>
			<string>&lt;group&gt;</string>
		</dict>
		<key>428C252C1CB4B32A00137C57</key>
		<dict>
			<key>isa</key>
			<string>PBXFileReference</string>
			<key>lastKnownFileType</key>
			<string>image.png</string>
			<key>path</key>
			<string>template23.png</string>
			<key>sourceTree</key>
			<string>&lt;group&gt;</string>
		</dict>
		<key>428C252D1CB4B32A00137C57</key>
		<dict>
			<key>isa</key>
			<string>PBXFileReference</string>
			<key>lastKnownFileType</key>
			<string>image.png</string>
			<key>path</key>
			<string>template24.png</string>
			<key>sourceTree</key>
			<string>&lt;group&gt;</string>
		</dict>
		<key>428C252E1CB4B32A00137C57</key>
		<dict>
			<key>isa</key>
			<string>PBXFileReference</string>
			<key>lastKnownFileType</key>
			<string>image.png</string>
			<key>path</key>
			<string>template25.png</string>
			<key>sourceTree</key>
			<string>&lt;group&gt;</string>
		</dict>
		<key>428C252F1CB4B32A00137C57</key>
		<dict>
			<key>isa</key>
			<string>PBXFileReference</string>
			<key>lastKnownFileType</key>
			<string>image.png</string>
			<key>path</key>
			<string>template26.png</string>
			<key>sourceTree</key>
			<string>&lt;group&gt;</string>
		</dict>
		<key>428C25301CB4B32A00137C57</key>
		<dict>
			<key>isa</key>
			<string>PBXFileReference</string>
			<key>lastKnownFileType</key>
			<string>image.png</string>
			<key>path</key>
			<string>template27.png</string>
			<key>sourceTree</key>
			<string>&lt;group&gt;</string>
		</dict>
		<key>428C25311CB4B32A00137C57</key>
		<dict>
			<key>isa</key>
			<string>PBXFileReference</string>
			<key>lastKnownFileType</key>
			<string>image.png</string>
			<key>path</key>
			<string>template28.png</string>
			<key>sourceTree</key>
			<string>&lt;group&gt;</string>
		</dict>
		<key>428C25321CB4B32A00137C57</key>
		<dict>
			<key>isa</key>
			<string>PBXFileReference</string>
			<key>lastKnownFileType</key>
			<string>image.png</string>
			<key>path</key>
			<string>template29.png</string>
			<key>sourceTree</key>
			<string>&lt;group&gt;</string>
		</dict>
		<key>428C25331CB4B32A00137C57</key>
		<dict>
			<key>isa</key>
			<string>PBXFileReference</string>
			<key>lastKnownFileType</key>
			<string>image.png</string>
			<key>path</key>
			<string>template30.png</string>
			<key>sourceTree</key>
			<string>&lt;group&gt;</string>
		</dict>
		<key>428C25341CB4B32A00137C57</key>
		<dict>
			<key>isa</key>
			<string>PBXFileReference</string>
			<key>lastKnownFileType</key>
			<string>image.png</string>
			<key>path</key>
			<string>template31.png</string>
			<key>sourceTree</key>
			<string>&lt;group&gt;</string>
		</dict>
		<key>428C25351CB4B32A00137C57</key>
		<dict>
			<key>isa</key>
			<string>PBXFileReference</string>
			<key>lastKnownFileType</key>
			<string>image.png</string>
			<key>path</key>
			<string>template32.png</string>
			<key>sourceTree</key>
			<string>&lt;group&gt;</string>
		</dict>
		<key>428C25361CB4B32A00137C57</key>
		<dict>
			<key>isa</key>
			<string>PBXFileReference</string>
			<key>lastKnownFileType</key>
			<string>image.png</string>
			<key>path</key>
			<string>template33.png</string>
			<key>sourceTree</key>
			<string>&lt;group&gt;</string>
		</dict>
		<key>428C25371CB4B32A00137C57</key>
		<dict>
			<key>isa</key>
			<string>PBXFileReference</string>
			<key>lastKnownFileType</key>
			<string>image.png</string>
			<key>path</key>
			<string>template34.png</string>
			<key>sourceTree</key>
			<string>&lt;group&gt;</string>
		</dict>
		<key>428C25381CB4B32A00137C57</key>
		<dict>
			<key>isa</key>
			<string>PBXFileReference</string>
			<key>lastKnownFileType</key>
			<string>image.png</string>
			<key>path</key>
			<string>template35.png</string>
			<key>sourceTree</key>
			<string>&lt;group&gt;</string>
		</dict>
		<key>428C25391CB4B32A00137C57</key>
		<dict>
			<key>isa</key>
			<string>PBXFileReference</string>
			<key>lastKnownFileType</key>
			<string>image.png</string>
			<key>path</key>
			<string>template36.png</string>
			<key>sourceTree</key>
			<string>&lt;group&gt;</string>
		</dict>
		<key>428C253A1CB4B32A00137C57</key>
		<dict>
			<key>isa</key>
			<string>PBXFileReference</string>
			<key>lastKnownFileType</key>
			<string>image.png</string>
			<key>path</key>
			<string>template37.png</string>
			<key>sourceTree</key>
			<string>&lt;group&gt;</string>
		</dict>
		<key>428C253B1CB4B32A00137C57</key>
		<dict>
			<key>isa</key>
			<string>PBXFileReference</string>
			<key>lastKnownFileType</key>
			<string>image.png</string>
			<key>path</key>
			<string>template38.png</string>
			<key>sourceTree</key>
			<string>&lt;group&gt;</string>
		</dict>
		<key>428C253C1CB4B32A00137C57</key>
		<dict>
			<key>isa</key>
			<string>PBXFileReference</string>
			<key>lastKnownFileType</key>
			<string>image.png</string>
			<key>path</key>
			<string>template39.png</string>
			<key>sourceTree</key>
			<string>&lt;group&gt;</string>
		</dict>
		<key>428C253D1CB4B32A00137C57</key>
		<dict>
			<key>isa</key>
			<string>PBXFileReference</string>
			<key>lastKnownFileType</key>
			<string>image.png</string>
			<key>path</key>
			<string>template40.png</string>
			<key>sourceTree</key>
			<string>&lt;group&gt;</string>
		</dict>
		<key>428C253E1CB4B32A00137C57</key>
		<dict>
			<key>isa</key>
			<string>PBXFileReference</string>
			<key>lastKnownFileType</key>
			<string>image.png</string>
			<key>path</key>
			<string>template41.png</string>
			<key>sourceTree</key>
			<string>&lt;group&gt;</string>
		</dict>
		<key>428C253F1CB4B32A00137C57</key>
		<dict>
			<key>isa</key>
			<string>PBXFileReference</string>
			<key>lastKnownFileType</key>
			<string>image.png</string>
			<key>path</key>
			<string>template42.png</string>
			<key>sourceTree</key>
			<string>&lt;group&gt;</string>
		</dict>
		<key>428C25401CB4B32A00137C57</key>
		<dict>
			<key>isa</key>
			<string>PBXFileReference</string>
			<key>lastKnownFileType</key>
			<string>image.png</string>
			<key>path</key>
			<string>template43.png</string>
			<key>sourceTree</key>
			<string>&lt;group&gt;</string>
		</dict>
		<key>428C25411CB4B32A00137C57</key>
		<dict>
			<key>fileRef</key>
			<string>428C251F1CB4B32A00137C57</string>
			<key>isa</key>
			<string>PBXBuildFile</string>
		</dict>
		<key>428C25421CB4B32A00137C57</key>
		<dict>
			<key>fileRef</key>
			<string>428C25201CB4B32A00137C57</string>
			<key>isa</key>
			<string>PBXBuildFile</string>
		</dict>
		<key>428C25431CB4B32A00137C57</key>
		<dict>
			<key>fileRef</key>
			<string>428C25211CB4B32A00137C57</string>
			<key>isa</key>
			<string>PBXBuildFile</string>
		</dict>
		<key>428C25441CB4B32A00137C57</key>
		<dict>
			<key>fileRef</key>
			<string>428C25221CB4B32A00137C57</string>
			<key>isa</key>
			<string>PBXBuildFile</string>
		</dict>
		<key>428C25451CB4B32A00137C57</key>
		<dict>
			<key>fileRef</key>
			<string>428C25231CB4B32A00137C57</string>
			<key>isa</key>
			<string>PBXBuildFile</string>
		</dict>
		<key>428C25461CB4B32A00137C57</key>
		<dict>
			<key>fileRef</key>
			<string>428C25241CB4B32A00137C57</string>
			<key>isa</key>
			<string>PBXBuildFile</string>
		</dict>
		<key>428C25471CB4B32A00137C57</key>
		<dict>
			<key>fileRef</key>
			<string>428C25251CB4B32A00137C57</string>
			<key>isa</key>
			<string>PBXBuildFile</string>
		</dict>
		<key>428C25481CB4B32A00137C57</key>
		<dict>
			<key>fileRef</key>
			<string>428C25261CB4B32A00137C57</string>
			<key>isa</key>
			<string>PBXBuildFile</string>
		</dict>
		<key>428C25491CB4B32A00137C57</key>
		<dict>
			<key>fileRef</key>
			<string>428C25271CB4B32A00137C57</string>
			<key>isa</key>
			<string>PBXBuildFile</string>
		</dict>
		<key>428C254A1CB4B32A00137C57</key>
		<dict>
			<key>fileRef</key>
			<string>428C25281CB4B32A00137C57</string>
			<key>isa</key>
			<string>PBXBuildFile</string>
		</dict>
		<key>428C254B1CB4B32A00137C57</key>
		<dict>
			<key>fileRef</key>
			<string>428C25291CB4B32A00137C57</string>
			<key>isa</key>
			<string>PBXBuildFile</string>
		</dict>
		<key>428C254C1CB4B32A00137C57</key>
		<dict>
			<key>fileRef</key>
			<string>428C252A1CB4B32A00137C57</string>
			<key>isa</key>
			<string>PBXBuildFile</string>
		</dict>
		<key>428C254D1CB4B32A00137C57</key>
		<dict>
			<key>fileRef</key>
			<string>428C252B1CB4B32A00137C57</string>
			<key>isa</key>
			<string>PBXBuildFile</string>
		</dict>
		<key>428C254E1CB4B32A00137C57</key>
		<dict>
			<key>fileRef</key>
			<string>428C252C1CB4B32A00137C57</string>
			<key>isa</key>
			<string>PBXBuildFile</string>
		</dict>
		<key>428C254F1CB4B32A00137C57</key>
		<dict>
			<key>fileRef</key>
			<string>428C252D1CB4B32A00137C57</string>
			<key>isa</key>
			<string>PBXBuildFile</string>
		</dict>
		<key>428C25501CB4B32A00137C57</key>
		<dict>
			<key>fileRef</key>
			<string>428C252E1CB4B32A00137C57</string>
			<key>isa</key>
			<string>PBXBuildFile</string>
		</dict>
		<key>428C25511CB4B32A00137C57</key>
		<dict>
			<key>fileRef</key>
			<string>428C252F1CB4B32A00137C57</string>
			<key>isa</key>
			<string>PBXBuildFile</string>
		</dict>
		<key>428C25521CB4B32A00137C57</key>
		<dict>
			<key>fileRef</key>
			<string>428C25301CB4B32A00137C57</string>
			<key>isa</key>
			<string>PBXBuildFile</string>
		</dict>
		<key>428C25531CB4B32A00137C57</key>
		<dict>
			<key>fileRef</key>
			<string>428C25311CB4B32A00137C57</string>
			<key>isa</key>
			<string>PBXBuildFile</string>
		</dict>
		<key>428C25541CB4B32A00137C57</key>
		<dict>
			<key>fileRef</key>
			<string>428C25321CB4B32A00137C57</string>
			<key>isa</key>
			<string>PBXBuildFile</string>
		</dict>
		<key>428C25551CB4B32A00137C57</key>
		<dict>
			<key>fileRef</key>
			<string>428C25331CB4B32A00137C57</string>
			<key>isa</key>
			<string>PBXBuildFile</string>
		</dict>
		<key>428C25561CB4B32A00137C57</key>
		<dict>
			<key>fileRef</key>
			<string>428C25341CB4B32A00137C57</string>
			<key>isa</key>
			<string>PBXBuildFile</string>
		</dict>
		<key>428C25571CB4B32A00137C57</key>
		<dict>
			<key>fileRef</key>
			<string>428C25351CB4B32A00137C57</string>
			<key>isa</key>
			<string>PBXBuildFile</string>
		</dict>
		<key>428C25581CB4B32A00137C57</key>
		<dict>
			<key>fileRef</key>
			<string>428C25361CB4B32A00137C57</string>
			<key>isa</key>
			<string>PBXBuildFile</string>
		</dict>
		<key>428C25591CB4B32A00137C57</key>
		<dict>
			<key>fileRef</key>
			<string>428C25371CB4B32A00137C57</string>
			<key>isa</key>
			<string>PBXBuildFile</string>
		</dict>
		<key>428C255A1CB4B32A00137C57</key>
		<dict>
			<key>fileRef</key>
			<string>428C25381CB4B32A00137C57</string>
			<key>isa</key>
			<string>PBXBuildFile</string>
		</dict>
		<key>428C255B1CB4B32A00137C57</key>
		<dict>
			<key>fileRef</key>
			<string>428C25391CB4B32A00137C57</string>
			<key>isa</key>
			<string>PBXBuildFile</string>
		</dict>
		<key>428C255C1CB4B32A00137C57</key>
		<dict>
			<key>fileRef</key>
			<string>428C253A1CB4B32A00137C57</string>
			<key>isa</key>
			<string>PBXBuildFile</string>
		</dict>
		<key>428C255D1CB4B32A00137C57</key>
		<dict>
			<key>fileRef</key>
			<string>428C253B1CB4B32A00137C57</string>
			<key>isa</key>
			<string>PBXBuildFile</string>
		</dict>
		<key>428C255E1CB4B32A00137C57</key>
		<dict>
			<key>fileRef</key>
			<string>428C253C1CB4B32A00137C57</string>
			<key>isa</key>
			<string>PBXBuildFile</string>
		</dict>
		<key>428C255F1CB4B32A00137C57</key>
		<dict>
			<key>fileRef</key>
			<string>428C253D1CB4B32A00137C57</string>
			<key>isa</key>
			<string>PBXBuildFile</string>
		</dict>
		<key>428C25601CB4B32A00137C57</key>
		<dict>
			<key>fileRef</key>
			<string>428C253E1CB4B32A00137C57</string>
			<key>isa</key>
			<string>PBXBuildFile</string>
		</dict>
		<key>428C25611CB4B32A00137C57</key>
		<dict>
			<key>fileRef</key>
			<string>428C253F1CB4B32A00137C57</string>
			<key>isa</key>
			<string>PBXBuildFile</string>
		</dict>
		<key>428C25621CB4B32A00137C57</key>
		<dict>
			<key>fileRef</key>
			<string>428C25401CB4B32A00137C57</string>
			<key>isa</key>
			<string>PBXBuildFile</string>
		</dict>
		<key>428C25631CB4B65000137C57</key>
		<dict>
			<key>fileEncoding</key>
			<string>4</string>
			<key>isa</key>
			<string>PBXFileReference</string>
			<key>lastKnownFileType</key>
			<string>sourcecode.swift</string>
			<key>path</key>
			<string>CategoriesViewController.swift</string>
			<key>sourceTree</key>
			<string>&lt;group&gt;</string>
		</dict>
		<key>428C25641CB4B65000137C57</key>
		<dict>
			<key>fileRef</key>
			<string>428C25631CB4B65000137C57</string>
			<key>isa</key>
			<string>PBXBuildFile</string>
		</dict>
		<key>428C25651CB4BB8E00137C57</key>
		<dict>
			<key>children</key>
			<array>
				<string>428C25191CB4B31C00137C57</string>
				<string>428C251A1CB4B31C00137C57</string>
				<string>428C251B1CB4B31C00137C57</string>
				<string>428C250F1CB4B2FC00137C57</string>
				<string>428C25101CB4B2FC00137C57</string>
				<string>428C25111CB4B2FC00137C57</string>
				<string>428C25121CB4B2FC00137C57</string>
				<string>428C25131CB4B2FC00137C57</string>
				<string>428C251F1CB4B32A00137C57</string>
				<string>428C25201CB4B32A00137C57</string>
				<string>428C25211CB4B32A00137C57</string>
				<string>428C25221CB4B32A00137C57</string>
				<string>428C25231CB4B32A00137C57</string>
				<string>428C25241CB4B32A00137C57</string>
				<string>428C25251CB4B32A00137C57</string>
				<string>428C25261CB4B32A00137C57</string>
			</array>
			<key>isa</key>
			<string>PBXGroup</string>
			<key>name</key>
			<string>Christmas Cards</string>
			<key>sourceTree</key>
			<string>&lt;group&gt;</string>
		</dict>
		<key>428C25661CB4BBB400137C57</key>
		<dict>
			<key>children</key>
			<array>
				<string>428C25401CB4B32A00137C57</string>
				<string>428C25271CB4B32A00137C57</string>
				<string>428C25281CB4B32A00137C57</string>
				<string>428C25291CB4B32A00137C57</string>
				<string>428C252A1CB4B32A00137C57</string>
				<string>428C252B1CB4B32A00137C57</string>
				<string>428C252C1CB4B32A00137C57</string>
				<string>428C252D1CB4B32A00137C57</string>
				<string>428C252E1CB4B32A00137C57</string>
			</array>
			<key>isa</key>
			<string>PBXGroup</string>
			<key>name</key>
			<string>Happy Birthday Cards</string>
			<key>sourceTree</key>
			<string>&lt;group&gt;</string>
		</dict>
		<key>428C25671CB4BC4400137C57</key>
		<dict>
			<key>children</key>
			<array>
				<string>428C252F1CB4B32A00137C57</string>
				<string>428C25301CB4B32A00137C57</string>
				<string>428C25311CB4B32A00137C57</string>
				<string>428C25321CB4B32A00137C57</string>
				<string>428C25331CB4B32A00137C57</string>
				<string>428C25341CB4B32A00137C57</string>
			</array>
			<key>isa</key>
			<string>PBXGroup</string>
			<key>name</key>
			<string>All you need is love</string>
			<key>sourceTree</key>
			<string>&lt;group&gt;</string>
		</dict>
		<key>428C25681CB4BC7300137C57</key>
		<dict>
			<key>children</key>
			<array>
				<string>428C253A1CB4B32A00137C57</string>
				<string>428C253B1CB4B32A00137C57</string>
				<string>428C253C1CB4B32A00137C57</string>
				<string>428C253D1CB4B32A00137C57</string>
				<string>428C253E1CB4B32A00137C57</string>
				<string>428C253F1CB4B32A00137C57</string>
			</array>
			<key>isa</key>
			<string>PBXGroup</string>
			<key>name</key>
			<string>You Make Me Smile</string>
			<key>sourceTree</key>
			<string>&lt;group&gt;</string>
		</dict>
		<key>428C25691CB4BC8B00137C57</key>
		<dict>
			<key>children</key>
			<array>
				<string>428C25351CB4B32A00137C57</string>
				<string>428C25361CB4B32A00137C57</string>
				<string>428C25371CB4B32A00137C57</string>
				<string>428C25381CB4B32A00137C57</string>
				<string>428C25391CB4B32A00137C57</string>
			</array>
			<key>isa</key>
			<string>PBXGroup</string>
			<key>name</key>
			<string>Thanks so much</string>
			<key>sourceTree</key>
			<string>&lt;group&gt;</string>
		</dict>
		<key>428C256A1CB4BF0500137C57</key>
		<dict>
			<key>fileEncoding</key>
			<string>4</string>
			<key>isa</key>
			<string>PBXFileReference</string>
			<key>lastKnownFileType</key>
			<string>sourcecode.swift</string>
			<key>path</key>
			<string>Category.swift</string>
			<key>sourceTree</key>
			<string>&lt;group&gt;</string>
		</dict>
		<key>428C256B1CB4BF0500137C57</key>
		<dict>
			<key>fileRef</key>
			<string>428C256A1CB4BF0500137C57</string>
			<key>isa</key>
			<string>PBXBuildFile</string>
		</dict>
		<key>428C256C1CB4BFC100137C57</key>
		<dict>
			<key>fileEncoding</key>
			<string>4</string>
			<key>isa</key>
			<string>PBXFileReference</string>
			<key>lastKnownFileType</key>
			<string>sourcecode.swift</string>
			<key>path</key>
			<string>CategoryDataSource.swift</string>
			<key>sourceTree</key>
			<string>&lt;group&gt;</string>
		</dict>
		<key>428C256D1CB4BFC100137C57</key>
		<dict>
			<key>fileRef</key>
			<string>428C256C1CB4BFC100137C57</string>
			<key>isa</key>
			<string>PBXBuildFile</string>
		</dict>
		<key>428C256E1CB4BFCD00137C57</key>
		<dict>
			<key>children</key>
			<array>
				<string>428C25631CB4B65000137C57</string>
				<string>428C256A1CB4BF0500137C57</string>
				<string>428C25701CB4C01A00137C57</string>
				<string>428C256C1CB4BFC100137C57</string>
			</array>
			<key>isa</key>
			<string>PBXGroup</string>
			<key>name</key>
			<string>categories</string>
			<key>sourceTree</key>
			<string>&lt;group&gt;</string>
		</dict>
		<key>428C256F1CB4BFED00137C57</key>
		<dict>
			<key>children</key>
			<array>
				<string>4252E2A31CB0836900F0319A</string>
				<string>42B179D01CB1941500D3E79A</string>
				<string>428CFC3C1CB323D800D52E8B</string>
				<string>428CFC3E1CB3251400D52E8B</string>
				<string>428CFC471CB32DD600D52E8B</string>
			</array>
			<key>isa</key>
			<string>PBXGroup</string>
			<key>name</key>
			<string>Cards</string>
			<key>sourceTree</key>
			<string>&lt;group&gt;</string>
		</dict>
		<key>428C25701CB4C01A00137C57</key>
		<dict>
			<key>fileEncoding</key>
			<string>4</string>
			<key>isa</key>
			<string>PBXFileReference</string>
			<key>lastKnownFileType</key>
			<string>sourcecode.swift</string>
			<key>path</key>
			<string>CategoryCell.swift</string>
			<key>sourceTree</key>
			<string>&lt;group&gt;</string>
		</dict>
		<key>428C25711CB4C01A00137C57</key>
		<dict>
			<key>fileRef</key>
			<string>428C25701CB4C01A00137C57</string>
			<key>isa</key>
			<string>PBXBuildFile</string>
		</dict>
		<key>428CFC3C1CB323D800D52E8B</key>
		<dict>
			<key>fileEncoding</key>
			<string>4</string>
			<key>isa</key>
			<string>PBXFileReference</string>
			<key>lastKnownFileType</key>
			<string>sourcecode.swift</string>
			<key>path</key>
			<string>Card.swift</string>
			<key>sourceTree</key>
			<string>&lt;group&gt;</string>
		</dict>
		<key>428CFC3D1CB323D800D52E8B</key>
		<dict>
			<key>fileRef</key>
			<string>428CFC3C1CB323D800D52E8B</string>
			<key>isa</key>
			<string>PBXBuildFile</string>
		</dict>
		<key>428CFC3E1CB3251400D52E8B</key>
		<dict>
			<key>fileEncoding</key>
			<string>4</string>
			<key>isa</key>
			<string>PBXFileReference</string>
			<key>lastKnownFileType</key>
			<string>sourcecode.swift</string>
			<key>path</key>
			<string>CardDataSource.swift</string>
			<key>sourceTree</key>
			<string>&lt;group&gt;</string>
		</dict>
		<key>428CFC3F1CB3251400D52E8B</key>
		<dict>
			<key>fileRef</key>
			<string>428CFC3E1CB3251400D52E8B</string>
			<key>isa</key>
			<string>PBXBuildFile</string>
		</dict>
		<key>428CFC401CB326AC00D52E8B</key>
		<dict>
			<key>fileEncoding</key>
			<string>4</string>
			<key>isa</key>
			<string>PBXFileReference</string>
			<key>lastKnownFileType</key>
			<string>text.plist.xml</string>
			<key>path</key>
			<string>templates.plist</string>
			<key>sourceTree</key>
			<string>&lt;group&gt;</string>
		</dict>
		<key>428CFC411CB326AC00D52E8B</key>
		<dict>
			<key>fileRef</key>
			<string>428CFC401CB326AC00D52E8B</string>
			<key>isa</key>
			<string>PBXBuildFile</string>
		</dict>
		<key>428CFC421CB3277A00D52E8B</key>
		<dict>
			<key>children</key>
			<array/>
			<key>isa</key>
			<string>PBXGroup</string>
			<key>name</key>
			<string>New Group</string>
			<key>sourceTree</key>
			<string>&lt;group&gt;</string>
		</dict>
		<key>428CFC441CB327A600D52E8B</key>
		<dict>
			<key>children</key>
			<array>
				<string>428C250E1CB4B25E00137C57</string>
				<string>428CFC401CB326AC00D52E8B</string>
				<string>4273DC1B1CB582E0006E066F</string>
				<string>428CFC451CB327E400D52E8B</string>
				<string>4273DC1D1CB583A6006E066F</string>
				<string>428C25031CB4B24F00137C57</string>
				<string>428C25041CB4B24F00137C57</string>
				<string>428C25051CB4B24F00137C57</string>
				<string>428C25061CB4B24F00137C57</string>
				<string>428C25071CB4B24F00137C57</string>
			</array>
			<key>isa</key>
			<string>PBXGroup</string>
			<key>name</key>
			<string>Resources</string>
			<key>sourceTree</key>
			<string>&lt;group&gt;</string>
		</dict>
		<key>428CFC451CB327E400D52E8B</key>
		<dict>
			<key>isa</key>
			<string>PBXFileReference</string>
			<key>lastKnownFileType</key>
			<string>folder.assetcatalog</string>
			<key>path</key>
			<string>template.xcassets</string>
			<key>sourceTree</key>
			<string>&lt;group&gt;</string>
		</dict>
		<key>428CFC461CB327E400D52E8B</key>
		<dict>
			<key>fileRef</key>
			<string>428CFC451CB327E400D52E8B</string>
			<key>isa</key>
			<string>PBXBuildFile</string>
		</dict>
		<key>428CFC471CB32DD600D52E8B</key>
		<dict>
			<key>fileEncoding</key>
			<string>4</string>
			<key>isa</key>
			<string>PBXFileReference</string>
			<key>lastKnownFileType</key>
			<string>sourcecode.swift</string>
			<key>path</key>
			<string>CardCell.swift</string>
			<key>sourceTree</key>
			<string>&lt;group&gt;</string>
		</dict>
		<key>428CFC481CB32DD600D52E8B</key>
		<dict>
			<key>fileRef</key>
			<string>428CFC471CB32DD600D52E8B</string>
			<key>isa</key>
			<string>PBXBuildFile</string>
		</dict>
		<key>428CFC491CB3962900D52E8B</key>
		<dict>
			<key>fileEncoding</key>
			<string>4</string>
			<key>isa</key>
			<string>PBXFileReference</string>
			<key>lastKnownFileType</key>
			<string>sourcecode.swift</string>
			<key>path</key>
			<string>MasterViewController.swift</string>
			<key>sourceTree</key>
			<string>&lt;group&gt;</string>
		</dict>
		<key>428CFC4A1CB3962900D52E8B</key>
		<dict>
			<key>fileRef</key>
			<string>428CFC491CB3962900D52E8B</string>
			<key>isa</key>
			<string>PBXBuildFile</string>
		</dict>
		<key>428CFC4B1CB3964000D52E8B</key>
		<dict>
			<key>fileEncoding</key>
			<string>4</string>
			<key>isa</key>
			<string>PBXFileReference</string>
			<key>lastKnownFileType</key>
			<string>sourcecode.swift</string>
			<key>path</key>
			<string>DetailViewController.swift</string>
			<key>sourceTree</key>
			<string>&lt;group&gt;</string>
		</dict>
		<key>428CFC4C1CB3964000D52E8B</key>
		<dict>
			<key>fileRef</key>
			<string>428CFC4B1CB3964000D52E8B</string>
			<key>isa</key>
			<string>PBXBuildFile</string>
		</dict>
		<key>428CFC4D1CB46B0300D52E8B</key>
		<dict>
			<key>fileEncoding</key>
			<string>4</string>
			<key>isa</key>
			<string>PBXFileReference</string>
			<key>lastKnownFileType</key>
			<string>sourcecode.swift</string>
			<key>path</key>
			<string>ContactsViewController.swift</string>
			<key>sourceTree</key>
			<string>&lt;group&gt;</string>
		</dict>
		<key>428CFC4E1CB46B0300D52E8B</key>
		<dict>
			<key>fileRef</key>
			<string>428CFC4D1CB46B0300D52E8B</string>
			<key>isa</key>
			<string>PBXBuildFile</string>
		</dict>
		<key>42B179D01CB1941500D3E79A</key>
		<dict>
			<key>fileEncoding</key>
			<string>4</string>
			<key>isa</key>
			<string>PBXFileReference</string>
			<key>lastKnownFileType</key>
			<string>sourcecode.swift</string>
			<key>path</key>
			<string>PersonalizeViewController.swift</string>
			<key>sourceTree</key>
			<string>&lt;group&gt;</string>
		</dict>
		<key>42B179D11CB1941500D3E79A</key>
		<dict>
			<key>fileRef</key>
			<string>42B179D01CB1941500D3E79A</string>
			<key>isa</key>
			<string>PBXBuildFile</string>
		</dict>
		<key>42B179D21CB1942100D3E79A</key>
		<dict>
			<key>fileEncoding</key>
			<string>4</string>
			<key>isa</key>
			<string>PBXFileReference</string>
			<key>lastKnownFileType</key>
			<string>sourcecode.swift</string>
			<key>path</key>
			<string>AddNoteViewController.swift</string>
			<key>sourceTree</key>
			<string>&lt;group&gt;</string>
		</dict>
		<key>42B179D31CB1942100D3E79A</key>
		<dict>
			<key>fileRef</key>
			<string>42B179D21CB1942100D3E79A</string>
			<key>isa</key>
			<string>PBXBuildFile</string>
		</dict>
		<key>42B179D41CB1942E00D3E79A</key>
		<dict>
			<key>fileEncoding</key>
			<string>4</string>
			<key>isa</key>
			<string>PBXFileReference</string>
			<key>lastKnownFileType</key>
			<string>sourcecode.swift</string>
			<key>path</key>
			<string>AddTreatViewController.swift</string>
			<key>sourceTree</key>
			<string>&lt;group&gt;</string>
		</dict>
		<key>42B179D51CB1942E00D3E79A</key>
		<dict>
			<key>fileRef</key>
			<string>42B179D41CB1942E00D3E79A</string>
			<key>isa</key>
			<string>PBXBuildFile</string>
		</dict>
		<key>42B179D61CB1943B00D3E79A</key>
		<dict>
			<key>fileEncoding</key>
			<string>4</string>
			<key>isa</key>
			<string>PBXFileReference</string>
			<key>lastKnownFileType</key>
			<string>sourcecode.swift</string>
			<key>path</key>
			<string>FriendsListViewController.swift</string>
			<key>sourceTree</key>
			<string>&lt;group&gt;</string>
		</dict>
		<key>42B179D71CB1943B00D3E79A</key>
		<dict>
			<key>fileRef</key>
			<string>42B179D61CB1943B00D3E79A</string>
			<key>isa</key>
			<string>PBXBuildFile</string>
		</dict>
		<key>42B179D81CB1944800D3E79A</key>
		<dict>
			<key>fileEncoding</key>
			<string>4</string>
			<key>isa</key>
			<string>PBXFileReference</string>
			<key>lastKnownFileType</key>
			<string>sourcecode.swift</string>
			<key>path</key>
			<string>CheckoutViewController.swift</string>
			<key>sourceTree</key>
			<string>&lt;group&gt;</string>
		</dict>
		<key>42B179D91CB1944800D3E79A</key>
		<dict>
			<key>fileRef</key>
			<string>42B179D81CB1944800D3E79A</string>
			<key>isa</key>
			<string>PBXBuildFile</string>
		</dict>
		<key>42B179DA1CB1945500D3E79A</key>
		<dict>
			<key>children</key>
			<array>
				<string>428C256E1CB4BFCD00137C57</string>
				<string>428C256F1CB4BFED00137C57</string>
				<string>42B179D21CB1942100D3E79A</string>
				<string>42B179D41CB1942E00D3E79A</string>
				<string>42B179D61CB1943B00D3E79A</string>
				<string>428CFC491CB3962900D52E8B</string>
				<string>428CFC4D1CB46B0300D52E8B</string>
				<string>428CFC4B1CB3964000D52E8B</string>
				<string>42B179D81CB1944800D3E79A</string>
			</array>
			<key>isa</key>
			<string>PBXGroup</string>
			<key>name</key>
			<string>Cards Tab</string>
			<key>sourceTree</key>
			<string>&lt;group&gt;</string>
		</dict>
		<key>42B179DB1CB1947700D3E79A</key>
		<dict>
			<key>fileEncoding</key>
			<string>4</string>
			<key>isa</key>
			<string>PBXFileReference</string>
			<key>lastKnownFileType</key>
			<string>sourcecode.swift</string>
			<key>path</key>
			<string>SingleCardDetailsViewController.swift</string>
			<key>sourceTree</key>
			<string>&lt;group&gt;</string>
		</dict>
		<key>42B179DC1CB1947700D3E79A</key>
		<dict>
			<key>fileRef</key>
			<string>42B179DB1CB1947700D3E79A</string>
			<key>isa</key>
			<string>PBXBuildFile</string>
		</dict>
		<key>42B179DD1CB1947B00D3E79A</key>
		<dict>
			<key>children</key>
			<array>
				<string>4252E2A51CB0836900F0319A</string>
				<string>42B179DB1CB1947700D3E79A</string>
			</array>
			<key>isa</key>
			<string>PBXGroup</string>
			<key>name</key>
			<string>Sent Tab</string>
			<key>sourceTree</key>
			<string>&lt;group&gt;</string>
		</dict>
		<key>42B179DE1CB194A900D3E79A</key>
		<dict>
			<key>fileEncoding</key>
			<string>4</string>
			<key>isa</key>
			<string>PBXFileReference</string>
			<key>lastKnownFileType</key>
			<string>sourcecode.swift</string>
			<key>path</key>
			<string>ReceivedUnopenedCardViewController.swift</string>
			<key>sourceTree</key>
			<string>&lt;group&gt;</string>
		</dict>
		<key>42B179DF1CB194A900D3E79A</key>
		<dict>
			<key>fileRef</key>
			<string>42B179DE1CB194A900D3E79A</string>
			<key>isa</key>
			<string>PBXBuildFile</string>
		</dict>
		<key>42B179E01CB194B700D3E79A</key>
		<dict>
			<key>fileEncoding</key>
			<string>4</string>
			<key>isa</key>
			<string>PBXFileReference</string>
			<key>lastKnownFileType</key>
			<string>sourcecode.swift</string>
			<key>path</key>
			<string>ReceivedMessageViewController.swift</string>
			<key>sourceTree</key>
			<string>&lt;group&gt;</string>
		</dict>
		<key>42B179E11CB194B700D3E79A</key>
		<dict>
			<key>fileRef</key>
			<string>42B179E01CB194B700D3E79A</string>
			<key>isa</key>
			<string>PBXBuildFile</string>
		</dict>
		<key>42B179E21CB194C500D3E79A</key>
		<dict>
			<key>fileEncoding</key>
			<string>4</string>
			<key>isa</key>
			<string>PBXFileReference</string>
			<key>lastKnownFileType</key>
			<string>sourcecode.swift</string>
			<key>path</key>
			<string>ReceivedTreatViewController.swift</string>
			<key>sourceTree</key>
			<string>&lt;group&gt;</string>
		</dict>
		<key>42B179E31CB194C500D3E79A</key>
		<dict>
			<key>fileRef</key>
			<string>42B179E21CB194C500D3E79A</string>
			<key>isa</key>
			<string>PBXBuildFile</string>
		</dict>
		<key>42B179E41CB194C900D3E79A</key>
		<dict>
			<key>children</key>
			<array>
				<string>4252E2D11CB0903900F0319A</string>
				<string>42B179DE1CB194A900D3E79A</string>
				<string>42B179E01CB194B700D3E79A</string>
				<string>42B179E21CB194C500D3E79A</string>
			</array>
			<key>isa</key>
			<string>PBXGroup</string>
			<key>name</key>
			<string>Received Tab</string>
			<key>sourceTree</key>
			<string>&lt;group&gt;</string>
		</dict>
		<key>42B179E51CB194D300D3E79A</key>
		<dict>
			<key>children</key>
			<array>
				<string>4252E2D31CB0905800F0319A</string>
			</array>
			<key>isa</key>
			<string>PBXGroup</string>
			<key>name</key>
			<string>Settings Tab</string>
			<key>sourceTree</key>
			<string>&lt;group&gt;</string>
		</dict>
		<key>42B179E61CB194E200D3E79A</key>
		<dict>
			<key>children</key>
			<array>
				<string>868DD1FD1CB0B51200F45B61</string>
				<string>868DD1FF1CB0B69000F45B61</string>
			</array>
			<key>isa</key>
			<string>PBXGroup</string>
			<key>name</key>
			<string>Login View</string>
			<key>sourceTree</key>
			<string>&lt;group&gt;</string>
		</dict>
		<key>5A6F3149C21E2EC499235F5F</key>
		<dict>
			<key>buildActionMask</key>
			<string>2147483647</string>
			<key>files</key>
			<array/>
			<key>inputPaths</key>
			<array/>
			<key>isa</key>
			<string>PBXShellScriptBuildPhase</string>
			<key>name</key>
			<string>Check Pods Manifest.lock</string>
			<key>outputPaths</key>
			<array/>
			<key>runOnlyForDeploymentPostprocessing</key>
			<string>0</string>
			<key>shellPath</key>
			<string>/bin/sh</string>
			<key>shellScript</key>
			<string>diff "${PODS_ROOT}/../Podfile.lock" "${PODS_ROOT}/Manifest.lock" &gt; /dev/null
if [[ $? != 0 ]] ; then
    cat &lt;&lt; EOM
error: The sandbox is not in sync with the Podfile.lock. Run 'pod install' or update your CocoaPods installation.
EOM
    exit 1
fi
</string>
			<key>showEnvVarsInLog</key>
			<string>0</string>
		</dict>
		<key>699034372CEAB095AA21B116</key>
		<dict>
			<key>buildActionMask</key>
			<string>2147483647</string>
			<key>files</key>
			<array/>
			<key>inputPaths</key>
			<array/>
			<key>isa</key>
			<string>PBXShellScriptBuildPhase</string>
			<key>name</key>
			<string>Embed Pods Frameworks</string>
			<key>outputPaths</key>
			<array/>
			<key>runOnlyForDeploymentPostprocessing</key>
			<string>0</string>
			<key>shellPath</key>
			<string>/bin/sh</string>
			<key>shellScript</key>
			<string>"${SRCROOT}/Pods/Target Support Files/Pods/Pods-frameworks.sh"
</string>
			<key>showEnvVarsInLog</key>
			<string>0</string>
		</dict>
		<key>85DCF4834655294B74ECE6E1</key>
		<dict>
			<key>children</key>
			<array>
				<string>06044D1F7CCD591D5AFF8705</string>
				<string>276D2458E7248E1012CCB0A6</string>
			</array>
			<key>isa</key>
			<string>PBXGroup</string>
			<key>name</key>
			<string>Pods</string>
			<key>sourceTree</key>
			<string>&lt;group&gt;</string>
		</dict>
		<key>868DD1FD1CB0B51200F45B61</key>
		<dict>
			<key>fileEncoding</key>
			<string>4</string>
			<key>isa</key>
			<string>PBXFileReference</string>
			<key>lastKnownFileType</key>
			<string>sourcecode.swift</string>
			<key>path</key>
			<string>RegisterViewController.swift</string>
			<key>sourceTree</key>
			<string>&lt;group&gt;</string>
		</dict>
		<key>868DD1FE1CB0B51200F45B61</key>
		<dict>
			<key>fileRef</key>
			<string>868DD1FD1CB0B51200F45B61</string>
			<key>isa</key>
			<string>PBXBuildFile</string>
		</dict>
		<key>868DD1FF1CB0B69000F45B61</key>
		<dict>
			<key>fileEncoding</key>
			<string>4</string>
			<key>isa</key>
			<string>PBXFileReference</string>
			<key>lastKnownFileType</key>
			<string>sourcecode.swift</string>
			<key>path</key>
			<string>loginViewController.swift</string>
			<key>sourceTree</key>
			<string>&lt;group&gt;</string>
		</dict>
		<key>868DD2001CB0B69000F45B61</key>
		<dict>
			<key>fileRef</key>
			<string>868DD1FF1CB0B69000F45B61</string>
			<key>isa</key>
			<string>PBXBuildFile</string>
		</dict>
		<key>868DD2011CB0B9D700F45B61</key>
		<dict>
			<key>fileEncoding</key>
			<string>4</string>
			<key>isa</key>
			<string>PBXFileReference</string>
			<key>lastKnownFileType</key>
			<string>text</string>
			<key>path</key>
			<string>Podfile</string>
			<key>sourceTree</key>
			<string>&lt;group&gt;</string>
		</dict>
		<key>868DD2021CB0B9D700F45B61</key>
		<dict>
			<key>fileRef</key>
			<string>868DD2011CB0B9D700F45B61</string>
			<key>isa</key>
			<string>PBXBuildFile</string>
		</dict>
		<key>AEDA05D21CB5CCEB006449F7</key>
		<dict>
			<key>children</key>
			<array>
				<string>AEDA05D31CB5CD04006449F7</string>
				<string>AEDA05D51CB5CD21006449F7</string>
				<string>AEDA05D71CB5CD2E006449F7</string>
				<string>AEDA05D91CB5D40A006449F7</string>
			</array>
			<key>isa</key>
			<string>PBXGroup</string>
			<key>name</key>
			<string>User</string>
			<key>sourceTree</key>
			<string>&lt;group&gt;</string>
		</dict>
		<key>AEDA05D31CB5CD04006449F7</key>
		<dict>
			<key>fileEncoding</key>
			<string>4</string>
			<key>isa</key>
			<string>PBXFileReference</string>
			<key>lastKnownFileType</key>
			<string>sourcecode.swift</string>
			<key>path</key>
			<string>User.swift</string>
			<key>sourceTree</key>
			<string>&lt;group&gt;</string>
		</dict>
		<key>AEDA05D41CB5CD04006449F7</key>
		<dict>
			<key>fileRef</key>
			<string>AEDA05D31CB5CD04006449F7</string>
			<key>isa</key>
			<string>PBXBuildFile</string>
		</dict>
		<key>AEDA05D51CB5CD21006449F7</key>
		<dict>
			<key>fileEncoding</key>
			<string>4</string>
			<key>isa</key>
			<string>PBXFileReference</string>
			<key>lastKnownFileType</key>
			<string>sourcecode.swift</string>
			<key>path</key>
			<string>SessionUser.swift</string>
			<key>sourceTree</key>
			<string>&lt;group&gt;</string>
		</dict>
		<key>AEDA05D61CB5CD21006449F7</key>
		<dict>
			<key>fileRef</key>
			<string>AEDA05D51CB5CD21006449F7</string>
			<key>isa</key>
			<string>PBXBuildFile</string>
		</dict>
		<key>AEDA05D71CB5CD2E006449F7</key>
		<dict>
			<key>fileEncoding</key>
			<string>4</string>
			<key>isa</key>
			<string>PBXFileReference</string>
			<key>lastKnownFileType</key>
			<string>sourcecode.swift</string>
			<key>path</key>
			<string>UsersCards.swift</string>
			<key>sourceTree</key>
			<string>&lt;group&gt;</string>
		</dict>
		<key>AEDA05D81CB5CD2E006449F7</key>
		<dict>
			<key>fileRef</key>
			<string>AEDA05D71CB5CD2E006449F7</string>
			<key>isa</key>
			<string>PBXBuildFile</string>
		</dict>
		<key>AEDA05D91CB5D40A006449F7</key>
		<dict>
			<key>fileEncoding</key>
			<string>4</string>
			<key>isa</key>
			<string>PBXFileReference</string>
			<key>lastKnownFileType</key>
			<string>sourcecode.swift</string>
			<key>path</key>
			<string>UserAuth.swift</string>
			<key>sourceTree</key>
			<string>&lt;group&gt;</string>
		</dict>
		<key>AEDA05DA1CB5D40A006449F7</key>
		<dict>
			<key>fileRef</key>
			<string>AEDA05D91CB5D40A006449F7</string>
			<key>isa</key>
			<string>PBXBuildFile</string>
		</dict>
		<key>D3A51013BE80ABC26C775E7F</key>
		<dict>
			<key>fileRef</key>
			<string>3FE925E471D31417F137C051</string>
			<key>isa</key>
			<string>PBXBuildFile</string>
		</dict>
		<key>F82F09C8B6CA349AF944CBBD</key>
		<dict>
			<key>children</key>
			<array>
				<string>428CFC421CB3277A00D52E8B</string>
				<string>3FE925E471D31417F137C051</string>
			</array>
			<key>isa</key>
			<string>PBXGroup</string>
			<key>name</key>
			<string>Frameworks</string>
			<key>sourceTree</key>
			<string>&lt;group&gt;</string>
		</dict>
	</dict>
	<key>rootObject</key>
	<string>4252E2961CB0836900F0319A</string>
</dict>
</plist>
